// !$*UTF8*$!
{
	archiveVersion = 1;
	classes = {
	};
	objectVersion = 50;
	objects = {

/* Begin PBXBuildFile section */
		7A41399826AF9379006A85E4 /* SwiftUI_ViewmodifierApp.swift in Sources */ = {isa = PBXBuildFile; fileRef = 7A41399726AF9379006A85E4 /* SwiftUI_ViewmodifierApp.swift */; };
		7A41399A26AF9379006A85E4 /* ContentView.swift in Sources */ = {isa = PBXBuildFile; fileRef = 7A41399926AF9379006A85E4 /* ContentView.swift */; };
		7A41399C26AF937A006A85E4 /* Assets.xcassets in Resources */ = {isa = PBXBuildFile; fileRef = 7A41399B26AF937A006A85E4 /* Assets.xcassets */; };
		7A41399F26AF937A006A85E4 /* Preview Assets.xcassets in Resources */ = {isa = PBXBuildFile; fileRef = 7A41399E26AF937A006A85E4 /* Preview Assets.xcassets */; };
		7A4139AA26AF937A006A85E4 /* SwiftUI_ViewmodifierTests.swift in Sources */ = {isa = PBXBuildFile; fileRef = 7A4139A926AF937A006A85E4 /* SwiftUI_ViewmodifierTests.swift */; };
		7A4139B526AF937A006A85E4 /* SwiftUI_ViewmodifierUITests.swift in Sources */ = {isa = PBXBuildFile; fileRef = 7A4139B426AF937A006A85E4 /* SwiftUI_ViewmodifierUITests.swift */; };
/* End PBXBuildFile section */

/* Begin PBXContainerItemProxy section */
		7A4139A626AF937A006A85E4 /* PBXContainerItemProxy */ = {
			isa = PBXContainerItemProxy;
			containerPortal = 7A41398C26AF9379006A85E4 /* Project object */;
			proxyType = 1;
			remoteGlobalIDString = 7A41399326AF9379006A85E4;
			remoteInfo = SwiftUI_Viewmodifier;
		};
		7A4139B126AF937A006A85E4 /* PBXContainerItemProxy */ = {
			isa = PBXContainerItemProxy;
			containerPortal = 7A41398C26AF9379006A85E4 /* Project object */;
			proxyType = 1;
			remoteGlobalIDString = 7A41399326AF9379006A85E4;
			remoteInfo = SwiftUI_Viewmodifier;
		};
/* End PBXContainerItemProxy section */

/* Begin PBXFileReference section */
		7A41399426AF9379006A85E4 /* SwiftUI_Viewmodifier.app */ = {isa = PBXFileReference; explicitFileType = wrapper.application; includeInIndex = 0; path = SwiftUI_Viewmodifier.app; sourceTree = BUILT_PRODUCTS_DIR; };
		7A41399726AF9379006A85E4 /* SwiftUI_ViewmodifierApp.swift */ = {isa = PBXFileReference; lastKnownFileType = sourcecode.swift; path = SwiftUI_ViewmodifierApp.swift; sourceTree = "<group>"; };
		7A41399926AF9379006A85E4 /* ContentView.swift */ = {isa = PBXFileReference; lastKnownFileType = sourcecode.swift; path = ContentView.swift; sourceTree = "<group>"; };
		7A41399B26AF937A006A85E4 /* Assets.xcassets */ = {isa = PBXFileReference; lastKnownFileType = folder.assetcatalog; path = Assets.xcassets; sourceTree = "<group>"; };
		7A41399E26AF937A006A85E4 /* Preview Assets.xcassets */ = {isa = PBXFileReference; lastKnownFileType = folder.assetcatalog; path = "Preview Assets.xcassets"; sourceTree = "<group>"; };
		7A4139A026AF937A006A85E4 /* Info.plist */ = {isa = PBXFileReference; lastKnownFileType = text.plist.xml; path = Info.plist; sourceTree = "<group>"; };
		7A4139A526AF937A006A85E4 /* SwiftUI_ViewmodifierTests.xctest */ = {isa = PBXFileReference; explicitFileType = wrapper.cfbundle; includeInIndex = 0; path = SwiftUI_ViewmodifierTests.xctest; sourceTree = BUILT_PRODUCTS_DIR; };
		7A4139A926AF937A006A85E4 /* SwiftUI_ViewmodifierTests.swift */ = {isa = PBXFileReference; lastKnownFileType = sourcecode.swift; path = SwiftUI_ViewmodifierTests.swift; sourceTree = "<group>"; };
		7A4139AB26AF937A006A85E4 /* Info.plist */ = {isa = PBXFileReference; lastKnownFileType = text.plist.xml; path = Info.plist; sourceTree = "<group>"; };
		7A4139B026AF937A006A85E4 /* SwiftUI_ViewmodifierUITests.xctest */ = {isa = PBXFileReference; explicitFileType = wrapper.cfbundle; includeInIndex = 0; path = SwiftUI_ViewmodifierUITests.xctest; sourceTree = BUILT_PRODUCTS_DIR; };
		7A4139B426AF937A006A85E4 /* SwiftUI_ViewmodifierUITests.swift */ = {isa = PBXFileReference; lastKnownFileType = sourcecode.swift; path = SwiftUI_ViewmodifierUITests.swift; sourceTree = "<group>"; };
		7A4139B626AF937A006A85E4 /* Info.plist */ = {isa = PBXFileReference; lastKnownFileType = text.plist.xml; path = Info.plist; sourceTree = "<group>"; };
/* End PBXFileReference section */

/* Begin PBXFrameworksBuildPhase section */
		7A41399126AF9379006A85E4 /* Frameworks */ = {
			isa = PBXFrameworksBuildPhase;
			buildActionMask = 2147483647;
			files = (
			);
			runOnlyForDeploymentPostprocessing = 0;
		};
		7A4139A226AF937A006A85E4 /* Frameworks */ = {
			isa = PBXFrameworksBuildPhase;
			buildActionMask = 2147483647;
			files = (
			);
			runOnlyForDeploymentPostprocessing = 0;
		};
		7A4139AD26AF937A006A85E4 /* Frameworks */ = {
			isa = PBXFrameworksBuildPhase;
			buildActionMask = 2147483647;
			files = (
			);
			runOnlyForDeploymentPostprocessing = 0;
		};
/* End PBXFrameworksBuildPhase section */

/* Begin PBXGroup section */
		7A41398B26AF9379006A85E4 = {
			isa = PBXGroup;
			children = (
				7A41399626AF9379006A85E4 /* SwiftUI_Viewmodifier */,
				7A4139A826AF937A006A85E4 /* SwiftUI_ViewmodifierTests */,
				7A4139B326AF937A006A85E4 /* SwiftUI_ViewmodifierUITests */,
				7A41399526AF9379006A85E4 /* Products */,
			);
			sourceTree = "<group>";
		};
		7A41399526AF9379006A85E4 /* Products */ = {
			isa = PBXGroup;
			children = (
				7A41399426AF9379006A85E4 /* SwiftUI_Viewmodifier.app */,
				7A4139A526AF937A006A85E4 /* SwiftUI_ViewmodifierTests.xctest */,
				7A4139B026AF937A006A85E4 /* SwiftUI_ViewmodifierUITests.xctest */,
			);
			name = Products;
			sourceTree = "<group>";
		};
		7A41399626AF9379006A85E4 /* SwiftUI_Viewmodifier */ = {
			isa = PBXGroup;
			children = (
				7A41399726AF9379006A85E4 /* SwiftUI_ViewmodifierApp.swift */,
				7A41399926AF9379006A85E4 /* ContentView.swift */,
				7A41399B26AF937A006A85E4 /* Assets.xcassets */,
				7A4139A026AF937A006A85E4 /* Info.plist */,
				7A41399D26AF937A006A85E4 /* Preview Content */,
			);
			path = SwiftUI_Viewmodifier;
			sourceTree = "<group>";
		};
		7A41399D26AF937A006A85E4 /* Preview Content */ = {
			isa = PBXGroup;
			children = (
				7A41399E26AF937A006A85E4 /* Preview Assets.xcassets */,
			);
			path = "Preview Content";
			sourceTree = "<group>";
		};
		7A4139A826AF937A006A85E4 /* SwiftUI_ViewmodifierTests */ = {
			isa = PBXGroup;
			children = (
				7A4139A926AF937A006A85E4 /* SwiftUI_ViewmodifierTests.swift */,
				7A4139AB26AF937A006A85E4 /* Info.plist */,
			);
			path = SwiftUI_ViewmodifierTests;
			sourceTree = "<group>";
		};
		7A4139B326AF937A006A85E4 /* SwiftUI_ViewmodifierUITests */ = {
			isa = PBXGroup;
			children = (
				7A4139B426AF937A006A85E4 /* SwiftUI_ViewmodifierUITests.swift */,
				7A4139B626AF937A006A85E4 /* Info.plist */,
			);
			path = SwiftUI_ViewmodifierUITests;
			sourceTree = "<group>";
		};
/* End PBXGroup section */

/* Begin PBXNativeTarget section */
		7A41399326AF9379006A85E4 /* SwiftUI_Viewmodifier */ = {
			isa = PBXNativeTarget;
			buildConfigurationList = 7A4139B926AF937A006A85E4 /* Build configuration list for PBXNativeTarget "SwiftUI_Viewmodifier" */;
			buildPhases = (
				7A41399026AF9379006A85E4 /* Sources */,
				7A41399126AF9379006A85E4 /* Frameworks */,
				7A41399226AF9379006A85E4 /* Resources */,
			);
			buildRules = (
			);
			dependencies = (
			);
			name = SwiftUI_Viewmodifier;
			productName = SwiftUI_Viewmodifier;
			productReference = 7A41399426AF9379006A85E4 /* SwiftUI_Viewmodifier.app */;
			productType = "com.apple.product-type.application";
		};
		7A4139A426AF937A006A85E4 /* SwiftUI_ViewmodifierTests */ = {
			isa = PBXNativeTarget;
			buildConfigurationList = 7A4139BC26AF937A006A85E4 /* Build configuration list for PBXNativeTarget "SwiftUI_ViewmodifierTests" */;
			buildPhases = (
				7A4139A126AF937A006A85E4 /* Sources */,
				7A4139A226AF937A006A85E4 /* Frameworks */,
				7A4139A326AF937A006A85E4 /* Resources */,
			);
			buildRules = (
			);
			dependencies = (
				7A4139A726AF937A006A85E4 /* PBXTargetDependency */,
			);
			name = SwiftUI_ViewmodifierTests;
			productName = SwiftUI_ViewmodifierTests;
			productReference = 7A4139A526AF937A006A85E4 /* SwiftUI_ViewmodifierTests.xctest */;
			productType = "com.apple.product-type.bundle.unit-test";
		};
		7A4139AF26AF937A006A85E4 /* SwiftUI_ViewmodifierUITests */ = {
			isa = PBXNativeTarget;
			buildConfigurationList = 7A4139BF26AF937A006A85E4 /* Build configuration list for PBXNativeTarget "SwiftUI_ViewmodifierUITests" */;
			buildPhases = (
				7A4139AC26AF937A006A85E4 /* Sources */,
				7A4139AD26AF937A006A85E4 /* Frameworks */,
				7A4139AE26AF937A006A85E4 /* Resources */,
			);
			buildRules = (
			);
			dependencies = (
				7A4139B226AF937A006A85E4 /* PBXTargetDependency */,
			);
			name = SwiftUI_ViewmodifierUITests;
			productName = SwiftUI_ViewmodifierUITests;
			productReference = 7A4139B026AF937A006A85E4 /* SwiftUI_ViewmodifierUITests.xctest */;
			productType = "com.apple.product-type.bundle.ui-testing";
		};
/* End PBXNativeTarget section */

/* Begin PBXProject section */
		7A41398C26AF9379006A85E4 /* Project object */ = {
			isa = PBXProject;
			attributes = {
				LastSwiftUpdateCheck = 1250;
				LastUpgradeCheck = 1250;
				TargetAttributes = {
					7A41399326AF9379006A85E4 = {
						CreatedOnToolsVersion = 12.5.1;
					};
					7A4139A426AF937A006A85E4 = {
						CreatedOnToolsVersion = 12.5.1;
						TestTargetID = 7A41399326AF9379006A85E4;
					};
					7A4139AF26AF937A006A85E4 = {
						CreatedOnToolsVersion = 12.5.1;
						TestTargetID = 7A41399326AF9379006A85E4;
					};
				};
			};
			buildConfigurationList = 7A41398F26AF9379006A85E4 /* Build configuration list for PBXProject "SwiftUI_Viewmodifier" */;
			compatibilityVersion = "Xcode 9.3";
			developmentRegion = en;
			hasScannedForEncodings = 0;
			knownRegions = (
				en,
				Base,
			);
			mainGroup = 7A41398B26AF9379006A85E4;
			productRefGroup = 7A41399526AF9379006A85E4 /* Products */;
			projectDirPath = "";
			projectRoot = "";
			targets = (
				7A41399326AF9379006A85E4 /* SwiftUI_Viewmodifier */,
				7A4139A426AF937A006A85E4 /* SwiftUI_ViewmodifierTests */,
				7A4139AF26AF937A006A85E4 /* SwiftUI_ViewmodifierUITests */,
			);
		};
/* End PBXProject section */

/* Begin PBXResourcesBuildPhase section */
		7A41399226AF9379006A85E4 /* Resources */ = {
			isa = PBXResourcesBuildPhase;
			buildActionMask = 2147483647;
			files = (
				7A41399F26AF937A006A85E4 /* Preview Assets.xcassets in Resources */,
				7A41399C26AF937A006A85E4 /* Assets.xcassets in Resources */,
			);
			runOnlyForDeploymentPostprocessing = 0;
		};
		7A4139A326AF937A006A85E4 /* Resources */ = {
			isa = PBXResourcesBuildPhase;
			buildActionMask = 2147483647;
			files = (
			);
			runOnlyForDeploymentPostprocessing = 0;
		};
		7A4139AE26AF937A006A85E4 /* Resources */ = {
			isa = PBXResourcesBuildPhase;
			buildActionMask = 2147483647;
			files = (
			);
			runOnlyForDeploymentPostprocessing = 0;
		};
/* End PBXResourcesBuildPhase section */

/* Begin PBXSourcesBuildPhase section */
		7A41399026AF9379006A85E4 /* Sources */ = {
			isa = PBXSourcesBuildPhase;
			buildActionMask = 2147483647;
			files = (
				7A41399A26AF9379006A85E4 /* ContentView.swift in Sources */,
				7A41399826AF9379006A85E4 /* SwiftUI_ViewmodifierApp.swift in Sources */,
			);
			runOnlyForDeploymentPostprocessing = 0;
		};
		7A4139A126AF937A006A85E4 /* Sources */ = {
			isa = PBXSourcesBuildPhase;
			buildActionMask = 2147483647;
			files = (
				7A4139AA26AF937A006A85E4 /* SwiftUI_ViewmodifierTests.swift in Sources */,
			);
			runOnlyForDeploymentPostprocessing = 0;
		};
		7A4139AC26AF937A006A85E4 /* Sources */ = {
			isa = PBXSourcesBuildPhase;
			buildActionMask = 2147483647;
			files = (
				7A4139B526AF937A006A85E4 /* SwiftUI_ViewmodifierUITests.swift in Sources */,
			);
			runOnlyForDeploymentPostprocessing = 0;
		};
/* End PBXSourcesBuildPhase section */

/* Begin PBXTargetDependency section */
		7A4139A726AF937A006A85E4 /* PBXTargetDependency */ = {
			isa = PBXTargetDependency;
			target = 7A41399326AF9379006A85E4 /* SwiftUI_Viewmodifier */;
			targetProxy = 7A4139A626AF937A006A85E4 /* PBXContainerItemProxy */;
		};
		7A4139B226AF937A006A85E4 /* PBXTargetDependency */ = {
			isa = PBXTargetDependency;
			target = 7A41399326AF9379006A85E4 /* SwiftUI_Viewmodifier */;
			targetProxy = 7A4139B126AF937A006A85E4 /* PBXContainerItemProxy */;
		};
/* End PBXTargetDependency section */

/* Begin XCBuildConfiguration section */
		7A4139B726AF937A006A85E4 /* Debug */ = {
			isa = XCBuildConfiguration;
			buildSettings = {
				ALWAYS_SEARCH_USER_PATHS = NO;
				CLANG_ANALYZER_NONNULL = YES;
				CLANG_ANALYZER_NUMBER_OBJECT_CONVERSION = YES_AGGRESSIVE;
				CLANG_CXX_LANGUAGE_STANDARD = "gnu++14";
				CLANG_CXX_LIBRARY = "libc++";
				CLANG_ENABLE_MODULES = YES;
				CLANG_ENABLE_OBJC_ARC = YES;
				CLANG_ENABLE_OBJC_WEAK = YES;
				CLANG_WARN_BLOCK_CAPTURE_AUTORELEASING = YES;
				CLANG_WARN_BOOL_CONVERSION = YES;
				CLANG_WARN_COMMA = YES;
				CLANG_WARN_CONSTANT_CONVERSION = YES;
				CLANG_WARN_DEPRECATED_OBJC_IMPLEMENTATIONS = YES;
				CLANG_WARN_DIRECT_OBJC_ISA_USAGE = YES_ERROR;
				CLANG_WARN_DOCUMENTATION_COMMENTS = YES;
				CLANG_WARN_EMPTY_BODY = YES;
				CLANG_WARN_ENUM_CONVERSION = YES;
				CLANG_WARN_INFINITE_RECURSION = YES;
				CLANG_WARN_INT_CONVERSION = YES;
				CLANG_WARN_NON_LITERAL_NULL_CONVERSION = YES;
				CLANG_WARN_OBJC_IMPLICIT_RETAIN_SELF = YES;
				CLANG_WARN_OBJC_LITERAL_CONVERSION = YES;
				CLANG_WARN_OBJC_ROOT_CLASS = YES_ERROR;
				CLANG_WARN_QUOTED_INCLUDE_IN_FRAMEWORK_HEADER = YES;
				CLANG_WARN_RANGE_LOOP_ANALYSIS = YES;
				CLANG_WARN_STRICT_PROTOTYPES = YES;
				CLANG_WARN_SUSPICIOUS_MOVE = YES;
				CLANG_WARN_UNGUARDED_AVAILABILITY = YES_AGGRESSIVE;
				CLANG_WARN_UNREACHABLE_CODE = YES;
				CLANG_WARN__DUPLICATE_METHOD_MATCH = YES;
				COPY_PHASE_STRIP = NO;
				DEBUG_INFORMATION_FORMAT = dwarf;
				ENABLE_STRICT_OBJC_MSGSEND = YES;
				ENABLE_TESTABILITY = YES;
				GCC_C_LANGUAGE_STANDARD = gnu11;
				GCC_DYNAMIC_NO_PIC = NO;
				GCC_NO_COMMON_BLOCKS = YES;
				GCC_OPTIMIZATION_LEVEL = 0;
				GCC_PREPROCESSOR_DEFINITIONS = (
					"DEBUG=1",
					"$(inherited)",
				);
				GCC_WARN_64_TO_32_BIT_CONVERSION = YES;
				GCC_WARN_ABOUT_RETURN_TYPE = YES_ERROR;
				GCC_WARN_UNDECLARED_SELECTOR = YES;
				GCC_WARN_UNINITIALIZED_AUTOS = YES_AGGRESSIVE;
				GCC_WARN_UNUSED_FUNCTION = YES;
				GCC_WARN_UNUSED_VARIABLE = YES;
				IPHONEOS_DEPLOYMENT_TARGET = 14.5;
				MTL_ENABLE_DEBUG_INFO = INCLUDE_SOURCE;
				MTL_FAST_MATH = YES;
				ONLY_ACTIVE_ARCH = YES;
				SDKROOT = iphoneos;
				SWIFT_ACTIVE_COMPILATION_CONDITIONS = DEBUG;
				SWIFT_OPTIMIZATION_LEVEL = "-Onone";
			};
			name = Debug;
		};
		7A4139B826AF937A006A85E4 /* Release */ = {
			isa = XCBuildConfiguration;
			buildSettings = {
				ALWAYS_SEARCH_USER_PATHS = NO;
				CLANG_ANALYZER_NONNULL = YES;
				CLANG_ANALYZER_NUMBER_OBJECT_CONVERSION = YES_AGGRESSIVE;
				CLANG_CXX_LANGUAGE_STANDARD = "gnu++14";
				CLANG_CXX_LIBRARY = "libc++";
				CLANG_ENABLE_MODULES = YES;
				CLANG_ENABLE_OBJC_ARC = YES;
				CLANG_ENABLE_OBJC_WEAK = YES;
				CLANG_WARN_BLOCK_CAPTURE_AUTORELEASING = YES;
				CLANG_WARN_BOOL_CONVERSION = YES;
				CLANG_WARN_COMMA = YES;
				CLANG_WARN_CONSTANT_CONVERSION = YES;
				CLANG_WARN_DEPRECATED_OBJC_IMPLEMENTATIONS = YES;
				CLANG_WARN_DIRECT_OBJC_ISA_USAGE = YES_ERROR;
				CLANG_WARN_DOCUMENTATION_COMMENTS = YES;
				CLANG_WARN_EMPTY_BODY = YES;
				CLANG_WARN_ENUM_CONVERSION = YES;
				CLANG_WARN_INFINITE_RECURSION = YES;
				CLANG_WARN_INT_CONVERSION = YES;
				CLANG_WARN_NON_LITERAL_NULL_CONVERSION = YES;
				CLANG_WARN_OBJC_IMPLICIT_RETAIN_SELF = YES;
				CLANG_WARN_OBJC_LITERAL_CONVERSION = YES;
				CLANG_WARN_OBJC_ROOT_CLASS = YES_ERROR;
				CLANG_WARN_QUOTED_INCLUDE_IN_FRAMEWORK_HEADER = YES;
				CLANG_WARN_RANGE_LOOP_ANALYSIS = YES;
				CLANG_WARN_STRICT_PROTOTYPES = YES;
				CLANG_WARN_SUSPICIOUS_MOVE = YES;
				CLANG_WARN_UNGUARDED_AVAILABILITY = YES_AGGRESSIVE;
				CLANG_WARN_UNREACHABLE_CODE = YES;
				CLANG_WARN__DUPLICATE_METHOD_MATCH = YES;
				COPY_PHASE_STRIP = NO;
				DEBUG_INFORMATION_FORMAT = "dwarf-with-dsym";
				ENABLE_NS_ASSERTIONS = NO;
				ENABLE_STRICT_OBJC_MSGSEND = YES;
				GCC_C_LANGUAGE_STANDARD = gnu11;
				GCC_NO_COMMON_BLOCKS = YES;
				GCC_WARN_64_TO_32_BIT_CONVERSION = YES;
				GCC_WARN_ABOUT_RETURN_TYPE = YES_ERROR;
				GCC_WARN_UNDECLARED_SELECTOR = YES;
				GCC_WARN_UNINITIALIZED_AUTOS = YES_AGGRESSIVE;
				GCC_WARN_UNUSED_FUNCTION = YES;
				GCC_WARN_UNUSED_VARIABLE = YES;
				IPHONEOS_DEPLOYMENT_TARGET = 14.5;
				MTL_ENABLE_DEBUG_INFO = NO;
				MTL_FAST_MATH = YES;
				SDKROOT = iphoneos;
				SWIFT_COMPILATION_MODE = wholemodule;
				SWIFT_OPTIMIZATION_LEVEL = "-O";
				VALIDATE_PRODUCT = YES;
			};
			name = Release;
		};
		7A4139BA26AF937A006A85E4 /* Debug */ = {
			isa = XCBuildConfiguration;
			buildSettings = {
				ASSETCATALOG_COMPILER_APPICON_NAME = AppIcon;
				ASSETCATALOG_COMPILER_GLOBAL_ACCENT_COLOR_NAME = AccentColor;
				CODE_SIGN_STYLE = Automatic;
				DEVELOPMENT_ASSET_PATHS = "\"SwiftUI_Viewmodifier/Preview Content\"";
				DEVELOPMENT_TEAM = MC64FDHW3N;
				ENABLE_PREVIEWS = YES;
				INFOPLIST_FILE = SwiftUI_Viewmodifier/Info.plist;
				IPHONEOS_DEPLOYMENT_TARGET = 14.0;
				LD_RUNPATH_SEARCH_PATHS = (
					"$(inherited)",
					"@executable_path/Frameworks",
				);
				PRODUCT_BUNDLE_IDENTIFIER = "beobmun.SwiftUI-Viewmodifier";
				PRODUCT_NAME = "$(TARGET_NAME)";
				SWIFT_VERSION = 5.0;
				TARGETED_DEVICE_FAMILY = "1,2";
			};
			name = Debug;
		};
		7A4139BB26AF937A006A85E4 /* Release */ = {
			isa = XCBuildConfiguration;
			buildSettings = {
				ASSETCATALOG_COMPILER_APPICON_NAME = AppIcon;
				ASSETCATALOG_COMPILER_GLOBAL_ACCENT_COLOR_NAME = AccentColor;
				CODE_SIGN_STYLE = Automatic;
				DEVELOPMENT_ASSET_PATHS = "\"SwiftUI_Viewmodifier/Preview Content\"";
				DEVELOPMENT_TEAM = MC64FDHW3N;
				ENABLE_PREVIEWS = YES;
				INFOPLIST_FILE = SwiftUI_Viewmodifier/Info.plist;
				IPHONEOS_DEPLOYMENT_TARGET = 14.0;
				LD_RUNPATH_SEARCH_PATHS = (
					"$(inherited)",
					"@executable_path/Frameworks",
				);
				PRODUCT_BUNDLE_IDENTIFIER = "beobmun.SwiftUI-Viewmodifier";
				PRODUCT_NAME = "$(TARGET_NAME)";
				SWIFT_VERSION = 5.0;
				TARGETED_DEVICE_FAMILY = "1,2";
			};
			name = Release;
		};
		7A4139BD26AF937A006A85E4 /* Debug */ = {
			isa = XCBuildConfiguration;
			buildSettings = {
				ALWAYS_EMBED_SWIFT_STANDARD_LIBRARIES = YES;
				BUNDLE_LOADER = "$(TEST_HOST)";
				CODE_SIGN_STYLE = Automatic;
				DEVELOPMENT_TEAM = MC64FDHW3N;
				INFOPLIST_FILE = SwiftUI_ViewmodifierTests/Info.plist;
				IPHONEOS_DEPLOYMENT_TARGET = 14.0;
				LD_RUNPATH_SEARCH_PATHS = (
					"$(inherited)",
					"@executable_path/Frameworks",
					"@loader_path/Frameworks",
				);
				PRODUCT_BUNDLE_IDENTIFIER = "beobmun.SwiftUI-ViewmodifierTests";
				PRODUCT_NAME = "$(TARGET_NAME)";
				SWIFT_VERSION = 5.0;
				TARGETED_DEVICE_FAMILY = "1,2";
				TEST_HOST = "$(BUILT_PRODUCTS_DIR)/SwiftUI_Viewmodifier.app/SwiftUI_Viewmodifier";
			};
			name = Debug;
		};
		7A4139BE26AF937A006A85E4 /* Release */ = {
			isa = XCBuildConfiguration;
			buildSettings = {
				ALWAYS_EMBED_SWIFT_STANDARD_LIBRARIES = YES;
				BUNDLE_LOADER = "$(TEST_HOST)";
				CODE_SIGN_STYLE = Automatic;
				DEVELOPMENT_TEAM = MC64FDHW3N;
				INFOPLIST_FILE = SwiftUI_ViewmodifierTests/Info.plist;
				IPHONEOS_DEPLOYMENT_TARGET = 14.0;
				LD_RUNPATH_SEARCH_PATHS = (
					"$(inherited)",
					"@executable_path/Frameworks",
					"@loader_path/Frameworks",
				);
				PRODUCT_BUNDLE_IDENTIFIER = "beobmun.SwiftUI-ViewmodifierTests";
				PRODUCT_NAME = "$(TARGET_NAME)";
				SWIFT_VERSION = 5.0;
				TARGETED_DEVICE_FAMILY = "1,2";
				TEST_HOST = "$(BUILT_PRODUCTS_DIR)/SwiftUI_Viewmodifier.app/SwiftUI_Viewmodifier";
			};
			name = Release;
		};
		7A4139C026AF937A006A85E4 /* Debug */ = {
			isa = XCBuildConfiguration;
			buildSettings = {
				ALWAYS_EMBED_SWIFT_STANDARD_LIBRARIES = YES;
				CODE_SIGN_STYLE = Automatic;
				DEVELOPMENT_TEAM = MC64FDHW3N;
				INFOPLIST_FILE = SwiftUI_ViewmodifierUITests/Info.plist;
				LD_RUNPATH_SEARCH_PATHS = (
					"$(inherited)",
					"@executable_path/Frameworks",
					"@loader_path/Frameworks",
				);
				PRODUCT_BUNDLE_IDENTIFIER = "beobmun.SwiftUI-ViewmodifierUITests";
				PRODUCT_NAME = "$(TARGET_NAME)";
				SWIFT_VERSION = 5.0;
				TARGETED_DEVICE_FAMILY = "1,2";
				TEST_TARGET_NAME = SwiftUI_Viewmodifier;
			};
			name = Debug;
		};
		7A4139C126AF937A006A85E4 /* Release */ = {
			isa = XCBuildConfiguration;
			buildSettings = {
				ALWAYS_EMBED_SWIFT_STANDARD_LIBRARIES = YES;
				CODE_SIGN_STYLE = Automatic;
				DEVELOPMENT_TEAM = MC64FDHW3N;
				INFOPLIST_FILE = SwiftUI_ViewmodifierUITests/Info.plist;
				LD_RUNPATH_SEARCH_PATHS = (
					"$(inherited)",
					"@executable_path/Frameworks",
					"@loader_path/Frameworks",
				);
				PRODUCT_BUNDLE_IDENTIFIER = "beobmun.SwiftUI-ViewmodifierUITests";
				PRODUCT_NAME = "$(TARGET_NAME)";
				SWIFT_VERSION = 5.0;
				TARGETED_DEVICE_FAMILY = "1,2";
				TEST_TARGET_NAME = SwiftUI_Viewmodifier;
			};
			name = Release;
		};
/* End XCBuildConfiguration section */

/* Begin XCConfigurationList section */
		7A41398F26AF9379006A85E4 /* Build configuration list for PBXProject "SwiftUI_Viewmodifier" */ = {
			isa = XCConfigurationList;
			buildConfigurations = (
				7A4139B726AF937A006A85E4 /* Debug */,
				7A4139B826AF937A006A85E4 /* Release */,
			);
			defaultConfigurationIsVisible = 0;
			defaultConfigurationName = Release;
		};
		7A4139B926AF937A006A85E4 /* Build configuration list for PBXNativeTarget "SwiftUI_Viewmodifier" */ = {
			isa = XCConfigurationList;
			buildConfigurations = (
				7A4139BA26AF937A006A85E4 /* Debug */,
				7A4139BB26AF937A006A85E4 /* Release */,
			);
			defaultConfigurationIsVisible = 0;
			defaultConfigurationName = Release;
		};
		7A4139BC26AF937A006A85E4 /* Build configuration list for PBXNativeTarget "SwiftUI_ViewmodifierTests" */ = {
			isa = XCConfigurationList;
			buildConfigurations = (
				7A4139BD26AF937A006A85E4 /* Debug */,
				7A4139BE26AF937A006A85E4 /* Release */,
			);
			defaultConfigurationIsVisible = 0;
			defaultConfigurationName = Release;
		};
		7A4139BF26AF937A006A85E4 /* Build configuration list for PBXNativeTarget "SwiftUI_ViewmodifierUITests" */ = {
			isa = XCConfigurationList;
			buildConfigurations = (
				7A4139C026AF937A006A85E4 /* Debug */,
				7A4139C126AF937A006A85E4 /* Release */,
			);
			defaultConfigurationIsVisible = 0;
			defaultConfigurationName = Release;
		};
/* End XCConfigurationList section */
	};
	rootObject = 7A41398C26AF9379006A85E4 /* Project object */;
}
