// !$*UTF8*$!
{
	archiveVersion = 1;
	classes = {
	};
	objectVersion = 50;
	objects = {

/* Begin PBXBuildFile section */
		7A42B36126A6C15500818F68 /* SwiftUI_ButtonStyleApp.swift in Sources */ = {isa = PBXBuildFile; fileRef = 7A42B36026A6C15500818F68 /* SwiftUI_ButtonStyleApp.swift */; };
		7A42B36326A6C15500818F68 /* ContentView.swift in Sources */ = {isa = PBXBuildFile; fileRef = 7A42B36226A6C15500818F68 /* ContentView.swift */; };
		7A42B36526A6C15600818F68 /* Assets.xcassets in Resources */ = {isa = PBXBuildFile; fileRef = 7A42B36426A6C15600818F68 /* Assets.xcassets */; };
		7A42B36826A6C15600818F68 /* Preview Assets.xcassets in Resources */ = {isa = PBXBuildFile; fileRef = 7A42B36726A6C15600818F68 /* Preview Assets.xcassets */; };
		7A42B37326A6C15600818F68 /* SwiftUI_ButtonStyleTests.swift in Sources */ = {isa = PBXBuildFile; fileRef = 7A42B37226A6C15600818F68 /* SwiftUI_ButtonStyleTests.swift */; };
		7A42B37E26A6C15600818F68 /* SwiftUI_ButtonStyleUITests.swift in Sources */ = {isa = PBXBuildFile; fileRef = 7A42B37D26A6C15600818F68 /* SwiftUI_ButtonStyleUITests.swift */; };
		7A42B38C26A6C20500818F68 /* MyButtonStyle.swift in Sources */ = {isa = PBXBuildFile; fileRef = 7A42B38B26A6C20500818F68 /* MyButtonStyle.swift */; };
/* End PBXBuildFile section */

/* Begin PBXContainerItemProxy section */
		7A42B36F26A6C15600818F68 /* PBXContainerItemProxy */ = {
			isa = PBXContainerItemProxy;
			containerPortal = 7A42B35526A6C15500818F68 /* Project object */;
			proxyType = 1;
			remoteGlobalIDString = 7A42B35C26A6C15500818F68;
			remoteInfo = SwiftUI_ButtonStyle;
		};
		7A42B37A26A6C15600818F68 /* PBXContainerItemProxy */ = {
			isa = PBXContainerItemProxy;
			containerPortal = 7A42B35526A6C15500818F68 /* Project object */;
			proxyType = 1;
			remoteGlobalIDString = 7A42B35C26A6C15500818F68;
			remoteInfo = SwiftUI_ButtonStyle;
		};
/* End PBXContainerItemProxy section */

/* Begin PBXFileReference section */
		7A42B35D26A6C15500818F68 /* SwiftUI_ButtonStyle.app */ = {isa = PBXFileReference; explicitFileType = wrapper.application; includeInIndex = 0; path = SwiftUI_ButtonStyle.app; sourceTree = BUILT_PRODUCTS_DIR; };
		7A42B36026A6C15500818F68 /* SwiftUI_ButtonStyleApp.swift */ = {isa = PBXFileReference; lastKnownFileType = sourcecode.swift; path = SwiftUI_ButtonStyleApp.swift; sourceTree = "<group>"; };
		7A42B36226A6C15500818F68 /* ContentView.swift */ = {isa = PBXFileReference; lastKnownFileType = sourcecode.swift; path = ContentView.swift; sourceTree = "<group>"; };
		7A42B36426A6C15600818F68 /* Assets.xcassets */ = {isa = PBXFileReference; lastKnownFileType = folder.assetcatalog; path = Assets.xcassets; sourceTree = "<group>"; };
		7A42B36726A6C15600818F68 /* Preview Assets.xcassets */ = {isa = PBXFileReference; lastKnownFileType = folder.assetcatalog; path = "Preview Assets.xcassets"; sourceTree = "<group>"; };
		7A42B36926A6C15600818F68 /* Info.plist */ = {isa = PBXFileReference; lastKnownFileType = text.plist.xml; path = Info.plist; sourceTree = "<group>"; };
		7A42B36E26A6C15600818F68 /* SwiftUI_ButtonStyleTests.xctest */ = {isa = PBXFileReference; explicitFileType = wrapper.cfbundle; includeInIndex = 0; path = SwiftUI_ButtonStyleTests.xctest; sourceTree = BUILT_PRODUCTS_DIR; };
		7A42B37226A6C15600818F68 /* SwiftUI_ButtonStyleTests.swift */ = {isa = PBXFileReference; lastKnownFileType = sourcecode.swift; path = SwiftUI_ButtonStyleTests.swift; sourceTree = "<group>"; };
		7A42B37426A6C15600818F68 /* Info.plist */ = {isa = PBXFileReference; lastKnownFileType = text.plist.xml; path = Info.plist; sourceTree = "<group>"; };
		7A42B37926A6C15600818F68 /* SwiftUI_ButtonStyleUITests.xctest */ = {isa = PBXFileReference; explicitFileType = wrapper.cfbundle; includeInIndex = 0; path = SwiftUI_ButtonStyleUITests.xctest; sourceTree = BUILT_PRODUCTS_DIR; };
		7A42B37D26A6C15600818F68 /* SwiftUI_ButtonStyleUITests.swift */ = {isa = PBXFileReference; lastKnownFileType = sourcecode.swift; path = SwiftUI_ButtonStyleUITests.swift; sourceTree = "<group>"; };
		7A42B37F26A6C15600818F68 /* Info.plist */ = {isa = PBXFileReference; lastKnownFileType = text.plist.xml; path = Info.plist; sourceTree = "<group>"; };
		7A42B38B26A6C20500818F68 /* MyButtonStyle.swift */ = {isa = PBXFileReference; lastKnownFileType = sourcecode.swift; path = MyButtonStyle.swift; sourceTree = "<group>"; };
/* End PBXFileReference section */

/* Begin PBXFrameworksBuildPhase section */
		7A42B35A26A6C15500818F68 /* Frameworks */ = {
			isa = PBXFrameworksBuildPhase;
			buildActionMask = 2147483647;
			files = (
			);
			runOnlyForDeploymentPostprocessing = 0;
		};
		7A42B36B26A6C15600818F68 /* Frameworks */ = {
			isa = PBXFrameworksBuildPhase;
			buildActionMask = 2147483647;
			files = (
			);
			runOnlyForDeploymentPostprocessing = 0;
		};
		7A42B37626A6C15600818F68 /* Frameworks */ = {
			isa = PBXFrameworksBuildPhase;
			buildActionMask = 2147483647;
			files = (
			);
			runOnlyForDeploymentPostprocessing = 0;
		};
/* End PBXFrameworksBuildPhase section */

/* Begin PBXGroup section */
		7A42B35426A6C15500818F68 = {
			isa = PBXGroup;
			children = (
				7A42B35F26A6C15500818F68 /* SwiftUI_ButtonStyle */,
				7A42B37126A6C15600818F68 /* SwiftUI_ButtonStyleTests */,
				7A42B37C26A6C15600818F68 /* SwiftUI_ButtonStyleUITests */,
				7A42B35E26A6C15500818F68 /* Products */,
			);
			sourceTree = "<group>";
		};
		7A42B35E26A6C15500818F68 /* Products */ = {
			isa = PBXGroup;
			children = (
				7A42B35D26A6C15500818F68 /* SwiftUI_ButtonStyle.app */,
				7A42B36E26A6C15600818F68 /* SwiftUI_ButtonStyleTests.xctest */,
				7A42B37926A6C15600818F68 /* SwiftUI_ButtonStyleUITests.xctest */,
			);
			name = Products;
			sourceTree = "<group>";
		};
		7A42B35F26A6C15500818F68 /* SwiftUI_ButtonStyle */ = {
			isa = PBXGroup;
			children = (
				7A42B36026A6C15500818F68 /* SwiftUI_ButtonStyleApp.swift */,
				7A42B36226A6C15500818F68 /* ContentView.swift */,
				7A42B38B26A6C20500818F68 /* MyButtonStyle.swift */,
				7A42B36426A6C15600818F68 /* Assets.xcassets */,
				7A42B36926A6C15600818F68 /* Info.plist */,
				7A42B36626A6C15600818F68 /* Preview Content */,
			);
			path = SwiftUI_ButtonStyle;
			sourceTree = "<group>";
		};
		7A42B36626A6C15600818F68 /* Preview Content */ = {
			isa = PBXGroup;
			children = (
				7A42B36726A6C15600818F68 /* Preview Assets.xcassets */,
			);
			path = "Preview Content";
			sourceTree = "<group>";
		};
		7A42B37126A6C15600818F68 /* SwiftUI_ButtonStyleTests */ = {
			isa = PBXGroup;
			children = (
				7A42B37226A6C15600818F68 /* SwiftUI_ButtonStyleTests.swift */,
				7A42B37426A6C15600818F68 /* Info.plist */,
			);
			path = SwiftUI_ButtonStyleTests;
			sourceTree = "<group>";
		};
		7A42B37C26A6C15600818F68 /* SwiftUI_ButtonStyleUITests */ = {
			isa = PBXGroup;
			children = (
				7A42B37D26A6C15600818F68 /* SwiftUI_ButtonStyleUITests.swift */,
				7A42B37F26A6C15600818F68 /* Info.plist */,
			);
			path = SwiftUI_ButtonStyleUITests;
			sourceTree = "<group>";
		};
/* End PBXGroup section */

/* Begin PBXNativeTarget section */
		7A42B35C26A6C15500818F68 /* SwiftUI_ButtonStyle */ = {
			isa = PBXNativeTarget;
			buildConfigurationList = 7A42B38226A6C15600818F68 /* Build configuration list for PBXNativeTarget "SwiftUI_ButtonStyle" */;
			buildPhases = (
				7A42B35926A6C15500818F68 /* Sources */,
				7A42B35A26A6C15500818F68 /* Frameworks */,
				7A42B35B26A6C15500818F68 /* Resources */,
			);
			buildRules = (
			);
			dependencies = (
			);
			name = SwiftUI_ButtonStyle;
			productName = SwiftUI_ButtonStyle;
			productReference = 7A42B35D26A6C15500818F68 /* SwiftUI_ButtonStyle.app */;
			productType = "com.apple.product-type.application";
		};
		7A42B36D26A6C15600818F68 /* SwiftUI_ButtonStyleTests */ = {
			isa = PBXNativeTarget;
			buildConfigurationList = 7A42B38526A6C15600818F68 /* Build configuration list for PBXNativeTarget "SwiftUI_ButtonStyleTests" */;
			buildPhases = (
				7A42B36A26A6C15600818F68 /* Sources */,
				7A42B36B26A6C15600818F68 /* Frameworks */,
				7A42B36C26A6C15600818F68 /* Resources */,
			);
			buildRules = (
			);
			dependencies = (
				7A42B37026A6C15600818F68 /* PBXTargetDependency */,
			);
			name = SwiftUI_ButtonStyleTests;
			productName = SwiftUI_ButtonStyleTests;
			productReference = 7A42B36E26A6C15600818F68 /* SwiftUI_ButtonStyleTests.xctest */;
			productType = "com.apple.product-type.bundle.unit-test";
		};
		7A42B37826A6C15600818F68 /* SwiftUI_ButtonStyleUITests */ = {
			isa = PBXNativeTarget;
			buildConfigurationList = 7A42B38826A6C15600818F68 /* Build configuration list for PBXNativeTarget "SwiftUI_ButtonStyleUITests" */;
			buildPhases = (
				7A42B37526A6C15600818F68 /* Sources */,
				7A42B37626A6C15600818F68 /* Frameworks */,
				7A42B37726A6C15600818F68 /* Resources */,
			);
			buildRules = (
			);
			dependencies = (
				7A42B37B26A6C15600818F68 /* PBXTargetDependency */,
			);
			name = SwiftUI_ButtonStyleUITests;
			productName = SwiftUI_ButtonStyleUITests;
			productReference = 7A42B37926A6C15600818F68 /* SwiftUI_ButtonStyleUITests.xctest */;
			productType = "com.apple.product-type.bundle.ui-testing";
		};
/* End PBXNativeTarget section */

/* Begin PBXProject section */
		7A42B35526A6C15500818F68 /* Project object */ = {
			isa = PBXProject;
			attributes = {
				LastSwiftUpdateCheck = 1250;
				LastUpgradeCheck = 1250;
				TargetAttributes = {
					7A42B35C26A6C15500818F68 = {
						CreatedOnToolsVersion = 12.5.1;
					};
					7A42B36D26A6C15600818F68 = {
						CreatedOnToolsVersion = 12.5.1;
						TestTargetID = 7A42B35C26A6C15500818F68;
					};
					7A42B37826A6C15600818F68 = {
						CreatedOnToolsVersion = 12.5.1;
						TestTargetID = 7A42B35C26A6C15500818F68;
					};
				};
			};
			buildConfigurationList = 7A42B35826A6C15500818F68 /* Build configuration list for PBXProject "SwiftUI_ButtonStyle" */;
			compatibilityVersion = "Xcode 9.3";
			developmentRegion = en;
			hasScannedForEncodings = 0;
			knownRegions = (
				en,
				Base,
			);
			mainGroup = 7A42B35426A6C15500818F68;
			productRefGroup = 7A42B35E26A6C15500818F68 /* Products */;
			projectDirPath = "";
			projectRoot = "";
			targets = (
				7A42B35C26A6C15500818F68 /* SwiftUI_ButtonStyle */,
				7A42B36D26A6C15600818F68 /* SwiftUI_ButtonStyleTests */,
				7A42B37826A6C15600818F68 /* SwiftUI_ButtonStyleUITests */,
			);
		};
/* End PBXProject section */

/* Begin PBXResourcesBuildPhase section */
		7A42B35B26A6C15500818F68 /* Resources */ = {
			isa = PBXResourcesBuildPhase;
			buildActionMask = 2147483647;
			files = (
				7A42B36826A6C15600818F68 /* Preview Assets.xcassets in Resources */,
				7A42B36526A6C15600818F68 /* Assets.xcassets in Resources */,
			);
			runOnlyForDeploymentPostprocessing = 0;
		};
		7A42B36C26A6C15600818F68 /* Resources */ = {
			isa = PBXResourcesBuildPhase;
			buildActionMask = 2147483647;
			files = (
			);
			runOnlyForDeploymentPostprocessing = 0;
		};
		7A42B37726A6C15600818F68 /* Resources */ = {
			isa = PBXResourcesBuildPhase;
			buildActionMask = 2147483647;
			files = (
			);
			runOnlyForDeploymentPostprocessing = 0;
		};
/* End PBXResourcesBuildPhase section */

/* Begin PBXSourcesBuildPhase section */
		7A42B35926A6C15500818F68 /* Sources */ = {
			isa = PBXSourcesBuildPhase;
			buildActionMask = 2147483647;
			files = (
				7A42B36326A6C15500818F68 /* ContentView.swift in Sources */,
				7A42B38C26A6C20500818F68 /* MyButtonStyle.swift in Sources */,
				7A42B36126A6C15500818F68 /* SwiftUI_ButtonStyleApp.swift in Sources */,
			);
			runOnlyForDeploymentPostprocessing = 0;
		};
		7A42B36A26A6C15600818F68 /* Sources */ = {
			isa = PBXSourcesBuildPhase;
			buildActionMask = 2147483647;
			files = (
				7A42B37326A6C15600818F68 /* SwiftUI_ButtonStyleTests.swift in Sources */,
			);
			runOnlyForDeploymentPostprocessing = 0;
		};
		7A42B37526A6C15600818F68 /* Sources */ = {
			isa = PBXSourcesBuildPhase;
			buildActionMask = 2147483647;
			files = (
				7A42B37E26A6C15600818F68 /* SwiftUI_ButtonStyleUITests.swift in Sources */,
			);
			runOnlyForDeploymentPostprocessing = 0;
		};
/* End PBXSourcesBuildPhase section */

/* Begin PBXTargetDependency section */
		7A42B37026A6C15600818F68 /* PBXTargetDependency */ = {
			isa = PBXTargetDependency;
			target = 7A42B35C26A6C15500818F68 /* SwiftUI_ButtonStyle */;
			targetProxy = 7A42B36F26A6C15600818F68 /* PBXContainerItemProxy */;
		};
		7A42B37B26A6C15600818F68 /* PBXTargetDependency */ = {
			isa = PBXTargetDependency;
			target = 7A42B35C26A6C15500818F68 /* SwiftUI_ButtonStyle */;
			targetProxy = 7A42B37A26A6C15600818F68 /* PBXContainerItemProxy */;
		};
/* End PBXTargetDependency section */

/* Begin XCBuildConfiguration section */
		7A42B38026A6C15600818F68 /* Debug */ = {
			isa = XCBuildConfiguration;
			buildSettings = {
				ALWAYS_SEARCH_USER_PATHS = NO;
				CLANG_ANALYZER_NONNULL = YES;
				CLANG_ANALYZER_NUMBER_OBJECT_CONVERSION = YES_AGGRESSIVE;
				CLANG_CXX_LANGUAGE_STANDARD = "gnu++14";
				CLANG_CXX_LIBRARY = "libc++";
				CLANG_ENABLE_MODULES = YES;
				CLANG_ENABLE_OBJC_ARC = YES;
				CLANG_ENABLE_OBJC_WEAK = YES;
				CLANG_WARN_BLOCK_CAPTURE_AUTORELEASING = YES;
				CLANG_WARN_BOOL_CONVERSION = YES;
				CLANG_WARN_COMMA = YES;
				CLANG_WARN_CONSTANT_CONVERSION = YES;
				CLANG_WARN_DEPRECATED_OBJC_IMPLEMENTATIONS = YES;
				CLANG_WARN_DIRECT_OBJC_ISA_USAGE = YES_ERROR;
				CLANG_WARN_DOCUMENTATION_COMMENTS = YES;
				CLANG_WARN_EMPTY_BODY = YES;
				CLANG_WARN_ENUM_CONVERSION = YES;
				CLANG_WARN_INFINITE_RECURSION = YES;
				CLANG_WARN_INT_CONVERSION = YES;
				CLANG_WARN_NON_LITERAL_NULL_CONVERSION = YES;
				CLANG_WARN_OBJC_IMPLICIT_RETAIN_SELF = YES;
				CLANG_WARN_OBJC_LITERAL_CONVERSION = YES;
				CLANG_WARN_OBJC_ROOT_CLASS = YES_ERROR;
				CLANG_WARN_QUOTED_INCLUDE_IN_FRAMEWORK_HEADER = YES;
				CLANG_WARN_RANGE_LOOP_ANALYSIS = YES;
				CLANG_WARN_STRICT_PROTOTYPES = YES;
				CLANG_WARN_SUSPICIOUS_MOVE = YES;
				CLANG_WARN_UNGUARDED_AVAILABILITY = YES_AGGRESSIVE;
				CLANG_WARN_UNREACHABLE_CODE = YES;
				CLANG_WARN__DUPLICATE_METHOD_MATCH = YES;
				COPY_PHASE_STRIP = NO;
				DEBUG_INFORMATION_FORMAT = dwarf;
				ENABLE_STRICT_OBJC_MSGSEND = YES;
				ENABLE_TESTABILITY = YES;
				GCC_C_LANGUAGE_STANDARD = gnu11;
				GCC_DYNAMIC_NO_PIC = NO;
				GCC_NO_COMMON_BLOCKS = YES;
				GCC_OPTIMIZATION_LEVEL = 0;
				GCC_PREPROCESSOR_DEFINITIONS = (
					"DEBUG=1",
					"$(inherited)",
				);
				GCC_WARN_64_TO_32_BIT_CONVERSION = YES;
				GCC_WARN_ABOUT_RETURN_TYPE = YES_ERROR;
				GCC_WARN_UNDECLARED_SELECTOR = YES;
				GCC_WARN_UNINITIALIZED_AUTOS = YES_AGGRESSIVE;
				GCC_WARN_UNUSED_FUNCTION = YES;
				GCC_WARN_UNUSED_VARIABLE = YES;
				IPHONEOS_DEPLOYMENT_TARGET = 14.5;
				MTL_ENABLE_DEBUG_INFO = INCLUDE_SOURCE;
				MTL_FAST_MATH = YES;
				ONLY_ACTIVE_ARCH = YES;
				SDKROOT = iphoneos;
				SWIFT_ACTIVE_COMPILATION_CONDITIONS = DEBUG;
				SWIFT_OPTIMIZATION_LEVEL = "-Onone";
			};
			name = Debug;
		};
		7A42B38126A6C15600818F68 /* Release */ = {
			isa = XCBuildConfiguration;
			buildSettings = {
				ALWAYS_SEARCH_USER_PATHS = NO;
				CLANG_ANALYZER_NONNULL = YES;
				CLANG_ANALYZER_NUMBER_OBJECT_CONVERSION = YES_AGGRESSIVE;
				CLANG_CXX_LANGUAGE_STANDARD = "gnu++14";
				CLANG_CXX_LIBRARY = "libc++";
				CLANG_ENABLE_MODULES = YES;
				CLANG_ENABLE_OBJC_ARC = YES;
				CLANG_ENABLE_OBJC_WEAK = YES;
				CLANG_WARN_BLOCK_CAPTURE_AUTORELEASING = YES;
				CLANG_WARN_BOOL_CONVERSION = YES;
				CLANG_WARN_COMMA = YES;
				CLANG_WARN_CONSTANT_CONVERSION = YES;
				CLANG_WARN_DEPRECATED_OBJC_IMPLEMENTATIONS = YES;
				CLANG_WARN_DIRECT_OBJC_ISA_USAGE = YES_ERROR;
				CLANG_WARN_DOCUMENTATION_COMMENTS = YES;
				CLANG_WARN_EMPTY_BODY = YES;
				CLANG_WARN_ENUM_CONVERSION = YES;
				CLANG_WARN_INFINITE_RECURSION = YES;
				CLANG_WARN_INT_CONVERSION = YES;
				CLANG_WARN_NON_LITERAL_NULL_CONVERSION = YES;
				CLANG_WARN_OBJC_IMPLICIT_RETAIN_SELF = YES;
				CLANG_WARN_OBJC_LITERAL_CONVERSION = YES;
				CLANG_WARN_OBJC_ROOT_CLASS = YES_ERROR;
				CLANG_WARN_QUOTED_INCLUDE_IN_FRAMEWORK_HEADER = YES;
				CLANG_WARN_RANGE_LOOP_ANALYSIS = YES;
				CLANG_WARN_STRICT_PROTOTYPES = YES;
				CLANG_WARN_SUSPICIOUS_MOVE = YES;
				CLANG_WARN_UNGUARDED_AVAILABILITY = YES_AGGRESSIVE;
				CLANG_WARN_UNREACHABLE_CODE = YES;
				CLANG_WARN__DUPLICATE_METHOD_MATCH = YES;
				COPY_PHASE_STRIP = NO;
				DEBUG_INFORMATION_FORMAT = "dwarf-with-dsym";
				ENABLE_NS_ASSERTIONS = NO;
				ENABLE_STRICT_OBJC_MSGSEND = YES;
				GCC_C_LANGUAGE_STANDARD = gnu11;
				GCC_NO_COMMON_BLOCKS = YES;
				GCC_WARN_64_TO_32_BIT_CONVERSION = YES;
				GCC_WARN_ABOUT_RETURN_TYPE = YES_ERROR;
				GCC_WARN_UNDECLARED_SELECTOR = YES;
				GCC_WARN_UNINITIALIZED_AUTOS = YES_AGGRESSIVE;
				GCC_WARN_UNUSED_FUNCTION = YES;
				GCC_WARN_UNUSED_VARIABLE = YES;
				IPHONEOS_DEPLOYMENT_TARGET = 14.5;
				MTL_ENABLE_DEBUG_INFO = NO;
				MTL_FAST_MATH = YES;
				SDKROOT = iphoneos;
				SWIFT_COMPILATION_MODE = wholemodule;
				SWIFT_OPTIMIZATION_LEVEL = "-O";
				VALIDATE_PRODUCT = YES;
			};
			name = Release;
		};
		7A42B38326A6C15600818F68 /* Debug */ = {
			isa = XCBuildConfiguration;
			buildSettings = {
				ASSETCATALOG_COMPILER_APPICON_NAME = AppIcon;
				ASSETCATALOG_COMPILER_GLOBAL_ACCENT_COLOR_NAME = AccentColor;
				CODE_SIGN_STYLE = Automatic;
				DEVELOPMENT_ASSET_PATHS = "\"SwiftUI_ButtonStyle/Preview Content\"";
				DEVELOPMENT_TEAM = MC64FDHW3N;
				ENABLE_PREVIEWS = YES;
				INFOPLIST_FILE = SwiftUI_ButtonStyle/Info.plist;
				IPHONEOS_DEPLOYMENT_TARGET = 14.0;
				LD_RUNPATH_SEARCH_PATHS = (
					"$(inherited)",
					"@executable_path/Frameworks",
				);
				PRODUCT_BUNDLE_IDENTIFIER = "beobmun.SwiftUI-ButtonStyle";
				PRODUCT_NAME = "$(TARGET_NAME)";
				SWIFT_VERSION = 5.0;
				TARGETED_DEVICE_FAMILY = "1,2";
			};
			name = Debug;
		};
		7A42B38426A6C15600818F68 /* Release */ = {
			isa = XCBuildConfiguration;
			buildSettings = {
				ASSETCATALOG_COMPILER_APPICON_NAME = AppIcon;
				ASSETCATALOG_COMPILER_GLOBAL_ACCENT_COLOR_NAME = AccentColor;
				CODE_SIGN_STYLE = Automatic;
				DEVELOPMENT_ASSET_PATHS = "\"SwiftUI_ButtonStyle/Preview Content\"";
				DEVELOPMENT_TEAM = MC64FDHW3N;
				ENABLE_PREVIEWS = YES;
				INFOPLIST_FILE = SwiftUI_ButtonStyle/Info.plist;
				IPHONEOS_DEPLOYMENT_TARGET = 14.0;
				LD_RUNPATH_SEARCH_PATHS = (
					"$(inherited)",
					"@executable_path/Frameworks",
				);
				PRODUCT_BUNDLE_IDENTIFIER = "beobmun.SwiftUI-ButtonStyle";
				PRODUCT_NAME = "$(TARGET_NAME)";
				SWIFT_VERSION = 5.0;
				TARGETED_DEVICE_FAMILY = "1,2";
			};
			name = Release;
		};
		7A42B38626A6C15600818F68 /* Debug */ = {
			isa = XCBuildConfiguration;
			buildSettings = {
				ALWAYS_EMBED_SWIFT_STANDARD_LIBRARIES = YES;
				BUNDLE_LOADER = "$(TEST_HOST)";
				CODE_SIGN_STYLE = Automatic;
				DEVELOPMENT_TEAM = MC64FDHW3N;
				INFOPLIST_FILE = SwiftUI_ButtonStyleTests/Info.plist;
				IPHONEOS_DEPLOYMENT_TARGET = 14.0;
				LD_RUNPATH_SEARCH_PATHS = (
					"$(inherited)",
					"@executable_path/Frameworks",
					"@loader_path/Frameworks",
				);
				PRODUCT_BUNDLE_IDENTIFIER = "beobmun.SwiftUI-ButtonStyleTests";
				PRODUCT_NAME = "$(TARGET_NAME)";
				SWIFT_VERSION = 5.0;
				TARGETED_DEVICE_FAMILY = "1,2";
				TEST_HOST = "$(BUILT_PRODUCTS_DIR)/SwiftUI_ButtonStyle.app/SwiftUI_ButtonStyle";
			};
			name = Debug;
		};
		7A42B38726A6C15600818F68 /* Release */ = {
			isa = XCBuildConfiguration;
			buildSettings = {
				ALWAYS_EMBED_SWIFT_STANDARD_LIBRARIES = YES;
				BUNDLE_LOADER = "$(TEST_HOST)";
				CODE_SIGN_STYLE = Automatic;
				DEVELOPMENT_TEAM = MC64FDHW3N;
				INFOPLIST_FILE = SwiftUI_ButtonStyleTests/Info.plist;
				IPHONEOS_DEPLOYMENT_TARGET = 14.0;
				LD_RUNPATH_SEARCH_PATHS = (
					"$(inherited)",
					"@executable_path/Frameworks",
					"@loader_path/Frameworks",
				);
				PRODUCT_BUNDLE_IDENTIFIER = "beobmun.SwiftUI-ButtonStyleTests";
				PRODUCT_NAME = "$(TARGET_NAME)";
				SWIFT_VERSION = 5.0;
				TARGETED_DEVICE_FAMILY = "1,2";
				TEST_HOST = "$(BUILT_PRODUCTS_DIR)/SwiftUI_ButtonStyle.app/SwiftUI_ButtonStyle";
			};
			name = Release;
		};
		7A42B38926A6C15600818F68 /* Debug */ = {
			isa = XCBuildConfiguration;
			buildSettings = {
				ALWAYS_EMBED_SWIFT_STANDARD_LIBRARIES = YES;
				CODE_SIGN_STYLE = Automatic;
				DEVELOPMENT_TEAM = MC64FDHW3N;
				INFOPLIST_FILE = SwiftUI_ButtonStyleUITests/Info.plist;
				LD_RUNPATH_SEARCH_PATHS = (
					"$(inherited)",
					"@executable_path/Frameworks",
					"@loader_path/Frameworks",
				);
				PRODUCT_BUNDLE_IDENTIFIER = "beobmun.SwiftUI-ButtonStyleUITests";
				PRODUCT_NAME = "$(TARGET_NAME)";
				SWIFT_VERSION = 5.0;
				TARGETED_DEVICE_FAMILY = "1,2";
				TEST_TARGET_NAME = SwiftUI_ButtonStyle;
			};
			name = Debug;
		};
		7A42B38A26A6C15600818F68 /* Release */ = {
			isa = XCBuildConfiguration;
			buildSettings = {
				ALWAYS_EMBED_SWIFT_STANDARD_LIBRARIES = YES;
				CODE_SIGN_STYLE = Automatic;
				DEVELOPMENT_TEAM = MC64FDHW3N;
				INFOPLIST_FILE = SwiftUI_ButtonStyleUITests/Info.plist;
				LD_RUNPATH_SEARCH_PATHS = (
					"$(inherited)",
					"@executable_path/Frameworks",
					"@loader_path/Frameworks",
				);
				PRODUCT_BUNDLE_IDENTIFIER = "beobmun.SwiftUI-ButtonStyleUITests";
				PRODUCT_NAME = "$(TARGET_NAME)";
				SWIFT_VERSION = 5.0;
				TARGETED_DEVICE_FAMILY = "1,2";
				TEST_TARGET_NAME = SwiftUI_ButtonStyle;
			};
			name = Release;
		};
/* End XCBuildConfiguration section */

/* Begin XCConfigurationList section */
		7A42B35826A6C15500818F68 /* Build configuration list for PBXProject "SwiftUI_ButtonStyle" */ = {
			isa = XCConfigurationList;
			buildConfigurations = (
				7A42B38026A6C15600818F68 /* Debug */,
				7A42B38126A6C15600818F68 /* Release */,
			);
			defaultConfigurationIsVisible = 0;
			defaultConfigurationName = Release;
		};
		7A42B38226A6C15600818F68 /* Build configuration list for PBXNativeTarget "SwiftUI_ButtonStyle" */ = {
			isa = XCConfigurationList;
			buildConfigurations = (
				7A42B38326A6C15600818F68 /* Debug */,
				7A42B38426A6C15600818F68 /* Release */,
			);
			defaultConfigurationIsVisible = 0;
			defaultConfigurationName = Release;
		};
		7A42B38526A6C15600818F68 /* Build configuration list for PBXNativeTarget "SwiftUI_ButtonStyleTests" */ = {
			isa = XCConfigurationList;
			buildConfigurations = (
				7A42B38626A6C15600818F68 /* Debug */,
				7A42B38726A6C15600818F68 /* Release */,
			);
			defaultConfigurationIsVisible = 0;
			defaultConfigurationName = Release;
		};
		7A42B38826A6C15600818F68 /* Build configuration list for PBXNativeTarget "SwiftUI_ButtonStyleUITests" */ = {
			isa = XCConfigurationList;
			buildConfigurations = (
				7A42B38926A6C15600818F68 /* Debug */,
				7A42B38A26A6C15600818F68 /* Release */,
			);
			defaultConfigurationIsVisible = 0;
			defaultConfigurationName = Release;
		};
/* End XCConfigurationList section */
	};
	rootObject = 7A42B35526A6C15500818F68 /* Project object */;
}
