// !$*UTF8*$!
{
	archiveVersion = 1;
	classes = {
	};
	objectVersion = 50;
	objects = {

/* Begin PBXBuildFile section */
		7A4139CF26AF95BB006A85E4 /* SwiftUI_DarkmodeApp.swift in Sources */ = {isa = PBXBuildFile; fileRef = 7A4139CE26AF95BB006A85E4 /* SwiftUI_DarkmodeApp.swift */; };
		7A4139D126AF95BB006A85E4 /* ContentView.swift in Sources */ = {isa = PBXBuildFile; fileRef = 7A4139D026AF95BB006A85E4 /* ContentView.swift */; };
		7A4139D326AF95BC006A85E4 /* Assets.xcassets in Resources */ = {isa = PBXBuildFile; fileRef = 7A4139D226AF95BC006A85E4 /* Assets.xcassets */; };
		7A4139D626AF95BC006A85E4 /* Preview Assets.xcassets in Resources */ = {isa = PBXBuildFile; fileRef = 7A4139D526AF95BC006A85E4 /* Preview Assets.xcassets */; };
		7A4139E126AF95BC006A85E4 /* SwiftUI_DarkmodeTests.swift in Sources */ = {isa = PBXBuildFile; fileRef = 7A4139E026AF95BC006A85E4 /* SwiftUI_DarkmodeTests.swift */; };
		7A4139EC26AF95BC006A85E4 /* SwiftUI_DarkmodeUITests.swift in Sources */ = {isa = PBXBuildFile; fileRef = 7A4139EB26AF95BC006A85E4 /* SwiftUI_DarkmodeUITests.swift */; };
/* End PBXBuildFile section */

/* Begin PBXContainerItemProxy section */
		7A4139DD26AF95BC006A85E4 /* PBXContainerItemProxy */ = {
			isa = PBXContainerItemProxy;
			containerPortal = 7A4139C326AF95BB006A85E4 /* Project object */;
			proxyType = 1;
			remoteGlobalIDString = 7A4139CA26AF95BB006A85E4;
			remoteInfo = SwiftUI_Darkmode;
		};
		7A4139E826AF95BC006A85E4 /* PBXContainerItemProxy */ = {
			isa = PBXContainerItemProxy;
			containerPortal = 7A4139C326AF95BB006A85E4 /* Project object */;
			proxyType = 1;
			remoteGlobalIDString = 7A4139CA26AF95BB006A85E4;
			remoteInfo = SwiftUI_Darkmode;
		};
/* End PBXContainerItemProxy section */

/* Begin PBXFileReference section */
		7A4139CB26AF95BB006A85E4 /* SwiftUI_Darkmode.app */ = {isa = PBXFileReference; explicitFileType = wrapper.application; includeInIndex = 0; path = SwiftUI_Darkmode.app; sourceTree = BUILT_PRODUCTS_DIR; };
		7A4139CE26AF95BB006A85E4 /* SwiftUI_DarkmodeApp.swift */ = {isa = PBXFileReference; lastKnownFileType = sourcecode.swift; path = SwiftUI_DarkmodeApp.swift; sourceTree = "<group>"; };
		7A4139D026AF95BB006A85E4 /* ContentView.swift */ = {isa = PBXFileReference; lastKnownFileType = sourcecode.swift; path = ContentView.swift; sourceTree = "<group>"; };
		7A4139D226AF95BC006A85E4 /* Assets.xcassets */ = {isa = PBXFileReference; lastKnownFileType = folder.assetcatalog; path = Assets.xcassets; sourceTree = "<group>"; };
		7A4139D526AF95BC006A85E4 /* Preview Assets.xcassets */ = {isa = PBXFileReference; lastKnownFileType = folder.assetcatalog; path = "Preview Assets.xcassets"; sourceTree = "<group>"; };
		7A4139D726AF95BC006A85E4 /* Info.plist */ = {isa = PBXFileReference; lastKnownFileType = text.plist.xml; path = Info.plist; sourceTree = "<group>"; };
		7A4139DC26AF95BC006A85E4 /* SwiftUI_DarkmodeTests.xctest */ = {isa = PBXFileReference; explicitFileType = wrapper.cfbundle; includeInIndex = 0; path = SwiftUI_DarkmodeTests.xctest; sourceTree = BUILT_PRODUCTS_DIR; };
		7A4139E026AF95BC006A85E4 /* SwiftUI_DarkmodeTests.swift */ = {isa = PBXFileReference; lastKnownFileType = sourcecode.swift; path = SwiftUI_DarkmodeTests.swift; sourceTree = "<group>"; };
		7A4139E226AF95BC006A85E4 /* Info.plist */ = {isa = PBXFileReference; lastKnownFileType = text.plist.xml; path = Info.plist; sourceTree = "<group>"; };
		7A4139E726AF95BC006A85E4 /* SwiftUI_DarkmodeUITests.xctest */ = {isa = PBXFileReference; explicitFileType = wrapper.cfbundle; includeInIndex = 0; path = SwiftUI_DarkmodeUITests.xctest; sourceTree = BUILT_PRODUCTS_DIR; };
		7A4139EB26AF95BC006A85E4 /* SwiftUI_DarkmodeUITests.swift */ = {isa = PBXFileReference; lastKnownFileType = sourcecode.swift; path = SwiftUI_DarkmodeUITests.swift; sourceTree = "<group>"; };
		7A4139ED26AF95BC006A85E4 /* Info.plist */ = {isa = PBXFileReference; lastKnownFileType = text.plist.xml; path = Info.plist; sourceTree = "<group>"; };
/* End PBXFileReference section */

/* Begin PBXFrameworksBuildPhase section */
		7A4139C826AF95BB006A85E4 /* Frameworks */ = {
			isa = PBXFrameworksBuildPhase;
			buildActionMask = 2147483647;
			files = (
			);
			runOnlyForDeploymentPostprocessing = 0;
		};
		7A4139D926AF95BC006A85E4 /* Frameworks */ = {
			isa = PBXFrameworksBuildPhase;
			buildActionMask = 2147483647;
			files = (
			);
			runOnlyForDeploymentPostprocessing = 0;
		};
		7A4139E426AF95BC006A85E4 /* Frameworks */ = {
			isa = PBXFrameworksBuildPhase;
			buildActionMask = 2147483647;
			files = (
			);
			runOnlyForDeploymentPostprocessing = 0;
		};
/* End PBXFrameworksBuildPhase section */

/* Begin PBXGroup section */
		7A4139C226AF95BB006A85E4 = {
			isa = PBXGroup;
			children = (
				7A4139CD26AF95BB006A85E4 /* SwiftUI_Darkmode */,
				7A4139DF26AF95BC006A85E4 /* SwiftUI_DarkmodeTests */,
				7A4139EA26AF95BC006A85E4 /* SwiftUI_DarkmodeUITests */,
				7A4139CC26AF95BB006A85E4 /* Products */,
			);
			sourceTree = "<group>";
		};
		7A4139CC26AF95BB006A85E4 /* Products */ = {
			isa = PBXGroup;
			children = (
				7A4139CB26AF95BB006A85E4 /* SwiftUI_Darkmode.app */,
				7A4139DC26AF95BC006A85E4 /* SwiftUI_DarkmodeTests.xctest */,
				7A4139E726AF95BC006A85E4 /* SwiftUI_DarkmodeUITests.xctest */,
			);
			name = Products;
			sourceTree = "<group>";
		};
		7A4139CD26AF95BB006A85E4 /* SwiftUI_Darkmode */ = {
			isa = PBXGroup;
			children = (
				7A4139CE26AF95BB006A85E4 /* SwiftUI_DarkmodeApp.swift */,
				7A4139D026AF95BB006A85E4 /* ContentView.swift */,
				7A4139D226AF95BC006A85E4 /* Assets.xcassets */,
				7A4139D726AF95BC006A85E4 /* Info.plist */,
				7A4139D426AF95BC006A85E4 /* Preview Content */,
			);
			path = SwiftUI_Darkmode;
			sourceTree = "<group>";
		};
		7A4139D426AF95BC006A85E4 /* Preview Content */ = {
			isa = PBXGroup;
			children = (
				7A4139D526AF95BC006A85E4 /* Preview Assets.xcassets */,
			);
			path = "Preview Content";
			sourceTree = "<group>";
		};
		7A4139DF26AF95BC006A85E4 /* SwiftUI_DarkmodeTests */ = {
			isa = PBXGroup;
			children = (
				7A4139E026AF95BC006A85E4 /* SwiftUI_DarkmodeTests.swift */,
				7A4139E226AF95BC006A85E4 /* Info.plist */,
			);
			path = SwiftUI_DarkmodeTests;
			sourceTree = "<group>";
		};
		7A4139EA26AF95BC006A85E4 /* SwiftUI_DarkmodeUITests */ = {
			isa = PBXGroup;
			children = (
				7A4139EB26AF95BC006A85E4 /* SwiftUI_DarkmodeUITests.swift */,
				7A4139ED26AF95BC006A85E4 /* Info.plist */,
			);
			path = SwiftUI_DarkmodeUITests;
			sourceTree = "<group>";
		};
/* End PBXGroup section */

/* Begin PBXNativeTarget section */
		7A4139CA26AF95BB006A85E4 /* SwiftUI_Darkmode */ = {
			isa = PBXNativeTarget;
			buildConfigurationList = 7A4139F026AF95BC006A85E4 /* Build configuration list for PBXNativeTarget "SwiftUI_Darkmode" */;
			buildPhases = (
				7A4139C726AF95BB006A85E4 /* Sources */,
				7A4139C826AF95BB006A85E4 /* Frameworks */,
				7A4139C926AF95BB006A85E4 /* Resources */,
			);
			buildRules = (
			);
			dependencies = (
			);
			name = SwiftUI_Darkmode;
			productName = SwiftUI_Darkmode;
			productReference = 7A4139CB26AF95BB006A85E4 /* SwiftUI_Darkmode.app */;
			productType = "com.apple.product-type.application";
		};
		7A4139DB26AF95BC006A85E4 /* SwiftUI_DarkmodeTests */ = {
			isa = PBXNativeTarget;
			buildConfigurationList = 7A4139F326AF95BC006A85E4 /* Build configuration list for PBXNativeTarget "SwiftUI_DarkmodeTests" */;
			buildPhases = (
				7A4139D826AF95BC006A85E4 /* Sources */,
				7A4139D926AF95BC006A85E4 /* Frameworks */,
				7A4139DA26AF95BC006A85E4 /* Resources */,
			);
			buildRules = (
			);
			dependencies = (
				7A4139DE26AF95BC006A85E4 /* PBXTargetDependency */,
			);
			name = SwiftUI_DarkmodeTests;
			productName = SwiftUI_DarkmodeTests;
			productReference = 7A4139DC26AF95BC006A85E4 /* SwiftUI_DarkmodeTests.xctest */;
			productType = "com.apple.product-type.bundle.unit-test";
		};
		7A4139E626AF95BC006A85E4 /* SwiftUI_DarkmodeUITests */ = {
			isa = PBXNativeTarget;
			buildConfigurationList = 7A4139F626AF95BC006A85E4 /* Build configuration list for PBXNativeTarget "SwiftUI_DarkmodeUITests" */;
			buildPhases = (
				7A4139E326AF95BC006A85E4 /* Sources */,
				7A4139E426AF95BC006A85E4 /* Frameworks */,
				7A4139E526AF95BC006A85E4 /* Resources */,
			);
			buildRules = (
			);
			dependencies = (
				7A4139E926AF95BC006A85E4 /* PBXTargetDependency */,
			);
			name = SwiftUI_DarkmodeUITests;
			productName = SwiftUI_DarkmodeUITests;
			productReference = 7A4139E726AF95BC006A85E4 /* SwiftUI_DarkmodeUITests.xctest */;
			productType = "com.apple.product-type.bundle.ui-testing";
		};
/* End PBXNativeTarget section */

/* Begin PBXProject section */
		7A4139C326AF95BB006A85E4 /* Project object */ = {
			isa = PBXProject;
			attributes = {
				LastSwiftUpdateCheck = 1250;
				LastUpgradeCheck = 1250;
				TargetAttributes = {
					7A4139CA26AF95BB006A85E4 = {
						CreatedOnToolsVersion = 12.5.1;
					};
					7A4139DB26AF95BC006A85E4 = {
						CreatedOnToolsVersion = 12.5.1;
						TestTargetID = 7A4139CA26AF95BB006A85E4;
					};
					7A4139E626AF95BC006A85E4 = {
						CreatedOnToolsVersion = 12.5.1;
						TestTargetID = 7A4139CA26AF95BB006A85E4;
					};
				};
			};
			buildConfigurationList = 7A4139C626AF95BB006A85E4 /* Build configuration list for PBXProject "SwiftUI_Darkmode" */;
			compatibilityVersion = "Xcode 9.3";
			developmentRegion = en;
			hasScannedForEncodings = 0;
			knownRegions = (
				en,
				Base,
			);
			mainGroup = 7A4139C226AF95BB006A85E4;
			productRefGroup = 7A4139CC26AF95BB006A85E4 /* Products */;
			projectDirPath = "";
			projectRoot = "";
			targets = (
				7A4139CA26AF95BB006A85E4 /* SwiftUI_Darkmode */,
				7A4139DB26AF95BC006A85E4 /* SwiftUI_DarkmodeTests */,
				7A4139E626AF95BC006A85E4 /* SwiftUI_DarkmodeUITests */,
			);
		};
/* End PBXProject section */

/* Begin PBXResourcesBuildPhase section */
		7A4139C926AF95BB006A85E4 /* Resources */ = {
			isa = PBXResourcesBuildPhase;
			buildActionMask = 2147483647;
			files = (
				7A4139D626AF95BC006A85E4 /* Preview Assets.xcassets in Resources */,
				7A4139D326AF95BC006A85E4 /* Assets.xcassets in Resources */,
			);
			runOnlyForDeploymentPostprocessing = 0;
		};
		7A4139DA26AF95BC006A85E4 /* Resources */ = {
			isa = PBXResourcesBuildPhase;
			buildActionMask = 2147483647;
			files = (
			);
			runOnlyForDeploymentPostprocessing = 0;
		};
		7A4139E526AF95BC006A85E4 /* Resources */ = {
			isa = PBXResourcesBuildPhase;
			buildActionMask = 2147483647;
			files = (
			);
			runOnlyForDeploymentPostprocessing = 0;
		};
/* End PBXResourcesBuildPhase section */

/* Begin PBXSourcesBuildPhase section */
		7A4139C726AF95BB006A85E4 /* Sources */ = {
			isa = PBXSourcesBuildPhase;
			buildActionMask = 2147483647;
			files = (
				7A4139D126AF95BB006A85E4 /* ContentView.swift in Sources */,
				7A4139CF26AF95BB006A85E4 /* SwiftUI_DarkmodeApp.swift in Sources */,
			);
			runOnlyForDeploymentPostprocessing = 0;
		};
		7A4139D826AF95BC006A85E4 /* Sources */ = {
			isa = PBXSourcesBuildPhase;
			buildActionMask = 2147483647;
			files = (
				7A4139E126AF95BC006A85E4 /* SwiftUI_DarkmodeTests.swift in Sources */,
			);
			runOnlyForDeploymentPostprocessing = 0;
		};
		7A4139E326AF95BC006A85E4 /* Sources */ = {
			isa = PBXSourcesBuildPhase;
			buildActionMask = 2147483647;
			files = (
				7A4139EC26AF95BC006A85E4 /* SwiftUI_DarkmodeUITests.swift in Sources */,
			);
			runOnlyForDeploymentPostprocessing = 0;
		};
/* End PBXSourcesBuildPhase section */

/* Begin PBXTargetDependency section */
		7A4139DE26AF95BC006A85E4 /* PBXTargetDependency */ = {
			isa = PBXTargetDependency;
			target = 7A4139CA26AF95BB006A85E4 /* SwiftUI_Darkmode */;
			targetProxy = 7A4139DD26AF95BC006A85E4 /* PBXContainerItemProxy */;
		};
		7A4139E926AF95BC006A85E4 /* PBXTargetDependency */ = {
			isa = PBXTargetDependency;
			target = 7A4139CA26AF95BB006A85E4 /* SwiftUI_Darkmode */;
			targetProxy = 7A4139E826AF95BC006A85E4 /* PBXContainerItemProxy */;
		};
/* End PBXTargetDependency section */

/* Begin XCBuildConfiguration section */
		7A4139EE26AF95BC006A85E4 /* Debug */ = {
			isa = XCBuildConfiguration;
			buildSettings = {
				ALWAYS_SEARCH_USER_PATHS = NO;
				CLANG_ANALYZER_NONNULL = YES;
				CLANG_ANALYZER_NUMBER_OBJECT_CONVERSION = YES_AGGRESSIVE;
				CLANG_CXX_LANGUAGE_STANDARD = "gnu++14";
				CLANG_CXX_LIBRARY = "libc++";
				CLANG_ENABLE_MODULES = YES;
				CLANG_ENABLE_OBJC_ARC = YES;
				CLANG_ENABLE_OBJC_WEAK = YES;
				CLANG_WARN_BLOCK_CAPTURE_AUTORELEASING = YES;
				CLANG_WARN_BOOL_CONVERSION = YES;
				CLANG_WARN_COMMA = YES;
				CLANG_WARN_CONSTANT_CONVERSION = YES;
				CLANG_WARN_DEPRECATED_OBJC_IMPLEMENTATIONS = YES;
				CLANG_WARN_DIRECT_OBJC_ISA_USAGE = YES_ERROR;
				CLANG_WARN_DOCUMENTATION_COMMENTS = YES;
				CLANG_WARN_EMPTY_BODY = YES;
				CLANG_WARN_ENUM_CONVERSION = YES;
				CLANG_WARN_INFINITE_RECURSION = YES;
				CLANG_WARN_INT_CONVERSION = YES;
				CLANG_WARN_NON_LITERAL_NULL_CONVERSION = YES;
				CLANG_WARN_OBJC_IMPLICIT_RETAIN_SELF = YES;
				CLANG_WARN_OBJC_LITERAL_CONVERSION = YES;
				CLANG_WARN_OBJC_ROOT_CLASS = YES_ERROR;
				CLANG_WARN_QUOTED_INCLUDE_IN_FRAMEWORK_HEADER = YES;
				CLANG_WARN_RANGE_LOOP_ANALYSIS = YES;
				CLANG_WARN_STRICT_PROTOTYPES = YES;
				CLANG_WARN_SUSPICIOUS_MOVE = YES;
				CLANG_WARN_UNGUARDED_AVAILABILITY = YES_AGGRESSIVE;
				CLANG_WARN_UNREACHABLE_CODE = YES;
				CLANG_WARN__DUPLICATE_METHOD_MATCH = YES;
				COPY_PHASE_STRIP = NO;
				DEBUG_INFORMATION_FORMAT = dwarf;
				ENABLE_STRICT_OBJC_MSGSEND = YES;
				ENABLE_TESTABILITY = YES;
				GCC_C_LANGUAGE_STANDARD = gnu11;
				GCC_DYNAMIC_NO_PIC = NO;
				GCC_NO_COMMON_BLOCKS = YES;
				GCC_OPTIMIZATION_LEVEL = 0;
				GCC_PREPROCESSOR_DEFINITIONS = (
					"DEBUG=1",
					"$(inherited)",
				);
				GCC_WARN_64_TO_32_BIT_CONVERSION = YES;
				GCC_WARN_ABOUT_RETURN_TYPE = YES_ERROR;
				GCC_WARN_UNDECLARED_SELECTOR = YES;
				GCC_WARN_UNINITIALIZED_AUTOS = YES_AGGRESSIVE;
				GCC_WARN_UNUSED_FUNCTION = YES;
				GCC_WARN_UNUSED_VARIABLE = YES;
				IPHONEOS_DEPLOYMENT_TARGET = 14.5;
				MTL_ENABLE_DEBUG_INFO = INCLUDE_SOURCE;
				MTL_FAST_MATH = YES;
				ONLY_ACTIVE_ARCH = YES;
				SDKROOT = iphoneos;
				SWIFT_ACTIVE_COMPILATION_CONDITIONS = DEBUG;
				SWIFT_OPTIMIZATION_LEVEL = "-Onone";
			};
			name = Debug;
		};
		7A4139EF26AF95BC006A85E4 /* Release */ = {
			isa = XCBuildConfiguration;
			buildSettings = {
				ALWAYS_SEARCH_USER_PATHS = NO;
				CLANG_ANALYZER_NONNULL = YES;
				CLANG_ANALYZER_NUMBER_OBJECT_CONVERSION = YES_AGGRESSIVE;
				CLANG_CXX_LANGUAGE_STANDARD = "gnu++14";
				CLANG_CXX_LIBRARY = "libc++";
				CLANG_ENABLE_MODULES = YES;
				CLANG_ENABLE_OBJC_ARC = YES;
				CLANG_ENABLE_OBJC_WEAK = YES;
				CLANG_WARN_BLOCK_CAPTURE_AUTORELEASING = YES;
				CLANG_WARN_BOOL_CONVERSION = YES;
				CLANG_WARN_COMMA = YES;
				CLANG_WARN_CONSTANT_CONVERSION = YES;
				CLANG_WARN_DEPRECATED_OBJC_IMPLEMENTATIONS = YES;
				CLANG_WARN_DIRECT_OBJC_ISA_USAGE = YES_ERROR;
				CLANG_WARN_DOCUMENTATION_COMMENTS = YES;
				CLANG_WARN_EMPTY_BODY = YES;
				CLANG_WARN_ENUM_CONVERSION = YES;
				CLANG_WARN_INFINITE_RECURSION = YES;
				CLANG_WARN_INT_CONVERSION = YES;
				CLANG_WARN_NON_LITERAL_NULL_CONVERSION = YES;
				CLANG_WARN_OBJC_IMPLICIT_RETAIN_SELF = YES;
				CLANG_WARN_OBJC_LITERAL_CONVERSION = YES;
				CLANG_WARN_OBJC_ROOT_CLASS = YES_ERROR;
				CLANG_WARN_QUOTED_INCLUDE_IN_FRAMEWORK_HEADER = YES;
				CLANG_WARN_RANGE_LOOP_ANALYSIS = YES;
				CLANG_WARN_STRICT_PROTOTYPES = YES;
				CLANG_WARN_SUSPICIOUS_MOVE = YES;
				CLANG_WARN_UNGUARDED_AVAILABILITY = YES_AGGRESSIVE;
				CLANG_WARN_UNREACHABLE_CODE = YES;
				CLANG_WARN__DUPLICATE_METHOD_MATCH = YES;
				COPY_PHASE_STRIP = NO;
				DEBUG_INFORMATION_FORMAT = "dwarf-with-dsym";
				ENABLE_NS_ASSERTIONS = NO;
				ENABLE_STRICT_OBJC_MSGSEND = YES;
				GCC_C_LANGUAGE_STANDARD = gnu11;
				GCC_NO_COMMON_BLOCKS = YES;
				GCC_WARN_64_TO_32_BIT_CONVERSION = YES;
				GCC_WARN_ABOUT_RETURN_TYPE = YES_ERROR;
				GCC_WARN_UNDECLARED_SELECTOR = YES;
				GCC_WARN_UNINITIALIZED_AUTOS = YES_AGGRESSIVE;
				GCC_WARN_UNUSED_FUNCTION = YES;
				GCC_WARN_UNUSED_VARIABLE = YES;
				IPHONEOS_DEPLOYMENT_TARGET = 14.5;
				MTL_ENABLE_DEBUG_INFO = NO;
				MTL_FAST_MATH = YES;
				SDKROOT = iphoneos;
				SWIFT_COMPILATION_MODE = wholemodule;
				SWIFT_OPTIMIZATION_LEVEL = "-O";
				VALIDATE_PRODUCT = YES;
			};
			name = Release;
		};
		7A4139F126AF95BC006A85E4 /* Debug */ = {
			isa = XCBuildConfiguration;
			buildSettings = {
				ASSETCATALOG_COMPILER_APPICON_NAME = AppIcon;
				ASSETCATALOG_COMPILER_GLOBAL_ACCENT_COLOR_NAME = AccentColor;
				CODE_SIGN_STYLE = Automatic;
				DEVELOPMENT_ASSET_PATHS = "\"SwiftUI_Darkmode/Preview Content\"";
				DEVELOPMENT_TEAM = MC64FDHW3N;
				ENABLE_PREVIEWS = YES;
				INFOPLIST_FILE = SwiftUI_Darkmode/Info.plist;
				IPHONEOS_DEPLOYMENT_TARGET = 14.0;
				LD_RUNPATH_SEARCH_PATHS = (
					"$(inherited)",
					"@executable_path/Frameworks",
				);
				PRODUCT_BUNDLE_IDENTIFIER = "beobmun.SwiftUI-Darkmode";
				PRODUCT_NAME = "$(TARGET_NAME)";
				SWIFT_VERSION = 5.0;
				TARGETED_DEVICE_FAMILY = "1,2";
			};
			name = Debug;
		};
		7A4139F226AF95BC006A85E4 /* Release */ = {
			isa = XCBuildConfiguration;
			buildSettings = {
				ASSETCATALOG_COMPILER_APPICON_NAME = AppIcon;
				ASSETCATALOG_COMPILER_GLOBAL_ACCENT_COLOR_NAME = AccentColor;
				CODE_SIGN_STYLE = Automatic;
				DEVELOPMENT_ASSET_PATHS = "\"SwiftUI_Darkmode/Preview Content\"";
				DEVELOPMENT_TEAM = MC64FDHW3N;
				ENABLE_PREVIEWS = YES;
				INFOPLIST_FILE = SwiftUI_Darkmode/Info.plist;
				IPHONEOS_DEPLOYMENT_TARGET = 14.0;
				LD_RUNPATH_SEARCH_PATHS = (
					"$(inherited)",
					"@executable_path/Frameworks",
				);
				PRODUCT_BUNDLE_IDENTIFIER = "beobmun.SwiftUI-Darkmode";
				PRODUCT_NAME = "$(TARGET_NAME)";
				SWIFT_VERSION = 5.0;
				TARGETED_DEVICE_FAMILY = "1,2";
			};
			name = Release;
		};
		7A4139F426AF95BC006A85E4 /* Debug */ = {
			isa = XCBuildConfiguration;
			buildSettings = {
				ALWAYS_EMBED_SWIFT_STANDARD_LIBRARIES = YES;
				BUNDLE_LOADER = "$(TEST_HOST)";
				CODE_SIGN_STYLE = Automatic;
				DEVELOPMENT_TEAM = MC64FDHW3N;
				INFOPLIST_FILE = SwiftUI_DarkmodeTests/Info.plist;
				IPHONEOS_DEPLOYMENT_TARGET = 14.0;
				LD_RUNPATH_SEARCH_PATHS = (
					"$(inherited)",
					"@executable_path/Frameworks",
					"@loader_path/Frameworks",
				);
				PRODUCT_BUNDLE_IDENTIFIER = "beobmun.SwiftUI-DarkmodeTests";
				PRODUCT_NAME = "$(TARGET_NAME)";
				SWIFT_VERSION = 5.0;
				TARGETED_DEVICE_FAMILY = "1,2";
				TEST_HOST = "$(BUILT_PRODUCTS_DIR)/SwiftUI_Darkmode.app/SwiftUI_Darkmode";
			};
			name = Debug;
		};
		7A4139F526AF95BC006A85E4 /* Release */ = {
			isa = XCBuildConfiguration;
			buildSettings = {
				ALWAYS_EMBED_SWIFT_STANDARD_LIBRARIES = YES;
				BUNDLE_LOADER = "$(TEST_HOST)";
				CODE_SIGN_STYLE = Automatic;
				DEVELOPMENT_TEAM = MC64FDHW3N;
				INFOPLIST_FILE = SwiftUI_DarkmodeTests/Info.plist;
				IPHONEOS_DEPLOYMENT_TARGET = 14.0;
				LD_RUNPATH_SEARCH_PATHS = (
					"$(inherited)",
					"@executable_path/Frameworks",
					"@loader_path/Frameworks",
				);
				PRODUCT_BUNDLE_IDENTIFIER = "beobmun.SwiftUI-DarkmodeTests";
				PRODUCT_NAME = "$(TARGET_NAME)";
				SWIFT_VERSION = 5.0;
				TARGETED_DEVICE_FAMILY = "1,2";
				TEST_HOST = "$(BUILT_PRODUCTS_DIR)/SwiftUI_Darkmode.app/SwiftUI_Darkmode";
			};
			name = Release;
		};
		7A4139F726AF95BC006A85E4 /* Debug */ = {
			isa = XCBuildConfiguration;
			buildSettings = {
				ALWAYS_EMBED_SWIFT_STANDARD_LIBRARIES = YES;
				CODE_SIGN_STYLE = Automatic;
				DEVELOPMENT_TEAM = MC64FDHW3N;
				INFOPLIST_FILE = SwiftUI_DarkmodeUITests/Info.plist;
				LD_RUNPATH_SEARCH_PATHS = (
					"$(inherited)",
					"@executable_path/Frameworks",
					"@loader_path/Frameworks",
				);
				PRODUCT_BUNDLE_IDENTIFIER = "beobmun.SwiftUI-DarkmodeUITests";
				PRODUCT_NAME = "$(TARGET_NAME)";
				SWIFT_VERSION = 5.0;
				TARGETED_DEVICE_FAMILY = "1,2";
				TEST_TARGET_NAME = SwiftUI_Darkmode;
			};
			name = Debug;
		};
		7A4139F826AF95BC006A85E4 /* Release */ = {
			isa = XCBuildConfiguration;
			buildSettings = {
				ALWAYS_EMBED_SWIFT_STANDARD_LIBRARIES = YES;
				CODE_SIGN_STYLE = Automatic;
				DEVELOPMENT_TEAM = MC64FDHW3N;
				INFOPLIST_FILE = SwiftUI_DarkmodeUITests/Info.plist;
				LD_RUNPATH_SEARCH_PATHS = (
					"$(inherited)",
					"@executable_path/Frameworks",
					"@loader_path/Frameworks",
				);
				PRODUCT_BUNDLE_IDENTIFIER = "beobmun.SwiftUI-DarkmodeUITests";
				PRODUCT_NAME = "$(TARGET_NAME)";
				SWIFT_VERSION = 5.0;
				TARGETED_DEVICE_FAMILY = "1,2";
				TEST_TARGET_NAME = SwiftUI_Darkmode;
			};
			name = Release;
		};
/* End XCBuildConfiguration section */

/* Begin XCConfigurationList section */
		7A4139C626AF95BB006A85E4 /* Build configuration list for PBXProject "SwiftUI_Darkmode" */ = {
			isa = XCConfigurationList;
			buildConfigurations = (
				7A4139EE26AF95BC006A85E4 /* Debug */,
				7A4139EF26AF95BC006A85E4 /* Release */,
			);
			defaultConfigurationIsVisible = 0;
			defaultConfigurationName = Release;
		};
		7A4139F026AF95BC006A85E4 /* Build configuration list for PBXNativeTarget "SwiftUI_Darkmode" */ = {
			isa = XCConfigurationList;
			buildConfigurations = (
				7A4139F126AF95BC006A85E4 /* Debug */,
				7A4139F226AF95BC006A85E4 /* Release */,
			);
			defaultConfigurationIsVisible = 0;
			defaultConfigurationName = Release;
		};
		7A4139F326AF95BC006A85E4 /* Build configuration list for PBXNativeTarget "SwiftUI_DarkmodeTests" */ = {
			isa = XCConfigurationList;
			buildConfigurations = (
				7A4139F426AF95BC006A85E4 /* Debug */,
				7A4139F526AF95BC006A85E4 /* Release */,
			);
			defaultConfigurationIsVisible = 0;
			defaultConfigurationName = Release;
		};
		7A4139F626AF95BC006A85E4 /* Build configuration list for PBXNativeTarget "SwiftUI_DarkmodeUITests" */ = {
			isa = XCConfigurationList;
			buildConfigurations = (
				7A4139F726AF95BC006A85E4 /* Debug */,
				7A4139F826AF95BC006A85E4 /* Release */,
			);
			defaultConfigurationIsVisible = 0;
			defaultConfigurationName = Release;
		};
/* End XCConfigurationList section */
	};
	rootObject = 7A4139C326AF95BB006A85E4 /* Project object */;
}
