// !$*UTF8*$!
{
	archiveVersion = 1;
	classes = {
	};
	objectVersion = 50;
	objects = {

/* Begin PBXBuildFile section */
		7A42B2EA26A6994700818F68 /* SwiftUI_CustomTabViewApp.swift in Sources */ = {isa = PBXBuildFile; fileRef = 7A42B2E926A6994700818F68 /* SwiftUI_CustomTabViewApp.swift */; };
		7A42B2EC26A6994700818F68 /* ContentView.swift in Sources */ = {isa = PBXBuildFile; fileRef = 7A42B2EB26A6994700818F68 /* ContentView.swift */; };
		7A42B2EE26A6994700818F68 /* Assets.xcassets in Resources */ = {isa = PBXBuildFile; fileRef = 7A42B2ED26A6994700818F68 /* Assets.xcassets */; };
		7A42B2F126A6994700818F68 /* Preview Assets.xcassets in Resources */ = {isa = PBXBuildFile; fileRef = 7A42B2F026A6994700818F68 /* Preview Assets.xcassets */; };
		7A42B2FC26A6994700818F68 /* SwiftUI_CustomTabViewTests.swift in Sources */ = {isa = PBXBuildFile; fileRef = 7A42B2FB26A6994700818F68 /* SwiftUI_CustomTabViewTests.swift */; };
		7A42B30726A6994700818F68 /* SwiftUI_CustomTabViewUITests.swift in Sources */ = {isa = PBXBuildFile; fileRef = 7A42B30626A6994700818F68 /* SwiftUI_CustomTabViewUITests.swift */; };
		7A42B31526A69BCE00818F68 /* MyCustomTabView.swift in Sources */ = {isa = PBXBuildFile; fileRef = 7A42B31426A69BCE00818F68 /* MyCustomTabView.swift */; };
		7A42B31726A69D6B00818F68 /* MyView.swift in Sources */ = {isa = PBXBuildFile; fileRef = 7A42B31626A69D6B00818F68 /* MyView.swift */; };
/* End PBXBuildFile section */

/* Begin PBXContainerItemProxy section */
		7A42B2F826A6994700818F68 /* PBXContainerItemProxy */ = {
			isa = PBXContainerItemProxy;
			containerPortal = 7A42B2DE26A6994700818F68 /* Project object */;
			proxyType = 1;
			remoteGlobalIDString = 7A42B2E526A6994700818F68;
			remoteInfo = SwiftUI_CustomTabView;
		};
		7A42B30326A6994700818F68 /* PBXContainerItemProxy */ = {
			isa = PBXContainerItemProxy;
			containerPortal = 7A42B2DE26A6994700818F68 /* Project object */;
			proxyType = 1;
			remoteGlobalIDString = 7A42B2E526A6994700818F68;
			remoteInfo = SwiftUI_CustomTabView;
		};
/* End PBXContainerItemProxy section */

/* Begin PBXFileReference section */
		7A42B2E626A6994700818F68 /* SwiftUI_CustomTabView.app */ = {isa = PBXFileReference; explicitFileType = wrapper.application; includeInIndex = 0; path = SwiftUI_CustomTabView.app; sourceTree = BUILT_PRODUCTS_DIR; };
		7A42B2E926A6994700818F68 /* SwiftUI_CustomTabViewApp.swift */ = {isa = PBXFileReference; lastKnownFileType = sourcecode.swift; path = SwiftUI_CustomTabViewApp.swift; sourceTree = "<group>"; };
		7A42B2EB26A6994700818F68 /* ContentView.swift */ = {isa = PBXFileReference; lastKnownFileType = sourcecode.swift; path = ContentView.swift; sourceTree = "<group>"; };
		7A42B2ED26A6994700818F68 /* Assets.xcassets */ = {isa = PBXFileReference; lastKnownFileType = folder.assetcatalog; path = Assets.xcassets; sourceTree = "<group>"; };
		7A42B2F026A6994700818F68 /* Preview Assets.xcassets */ = {isa = PBXFileReference; lastKnownFileType = folder.assetcatalog; path = "Preview Assets.xcassets"; sourceTree = "<group>"; };
		7A42B2F226A6994700818F68 /* Info.plist */ = {isa = PBXFileReference; lastKnownFileType = text.plist.xml; path = Info.plist; sourceTree = "<group>"; };
		7A42B2F726A6994700818F68 /* SwiftUI_CustomTabViewTests.xctest */ = {isa = PBXFileReference; explicitFileType = wrapper.cfbundle; includeInIndex = 0; path = SwiftUI_CustomTabViewTests.xctest; sourceTree = BUILT_PRODUCTS_DIR; };
		7A42B2FB26A6994700818F68 /* SwiftUI_CustomTabViewTests.swift */ = {isa = PBXFileReference; lastKnownFileType = sourcecode.swift; path = SwiftUI_CustomTabViewTests.swift; sourceTree = "<group>"; };
		7A42B2FD26A6994700818F68 /* Info.plist */ = {isa = PBXFileReference; lastKnownFileType = text.plist.xml; path = Info.plist; sourceTree = "<group>"; };
		7A42B30226A6994700818F68 /* SwiftUI_CustomTabViewUITests.xctest */ = {isa = PBXFileReference; explicitFileType = wrapper.cfbundle; includeInIndex = 0; path = SwiftUI_CustomTabViewUITests.xctest; sourceTree = BUILT_PRODUCTS_DIR; };
		7A42B30626A6994700818F68 /* SwiftUI_CustomTabViewUITests.swift */ = {isa = PBXFileReference; lastKnownFileType = sourcecode.swift; path = SwiftUI_CustomTabViewUITests.swift; sourceTree = "<group>"; };
		7A42B30826A6994700818F68 /* Info.plist */ = {isa = PBXFileReference; lastKnownFileType = text.plist.xml; path = Info.plist; sourceTree = "<group>"; };
		7A42B31426A69BCE00818F68 /* MyCustomTabView.swift */ = {isa = PBXFileReference; lastKnownFileType = sourcecode.swift; path = MyCustomTabView.swift; sourceTree = "<group>"; };
		7A42B31626A69D6B00818F68 /* MyView.swift */ = {isa = PBXFileReference; lastKnownFileType = sourcecode.swift; path = MyView.swift; sourceTree = "<group>"; };
/* End PBXFileReference section */

/* Begin PBXFrameworksBuildPhase section */
		7A42B2E326A6994700818F68 /* Frameworks */ = {
			isa = PBXFrameworksBuildPhase;
			buildActionMask = 2147483647;
			files = (
			);
			runOnlyForDeploymentPostprocessing = 0;
		};
		7A42B2F426A6994700818F68 /* Frameworks */ = {
			isa = PBXFrameworksBuildPhase;
			buildActionMask = 2147483647;
			files = (
			);
			runOnlyForDeploymentPostprocessing = 0;
		};
		7A42B2FF26A6994700818F68 /* Frameworks */ = {
			isa = PBXFrameworksBuildPhase;
			buildActionMask = 2147483647;
			files = (
			);
			runOnlyForDeploymentPostprocessing = 0;
		};
/* End PBXFrameworksBuildPhase section */

/* Begin PBXGroup section */
		7A42B2DD26A6994700818F68 = {
			isa = PBXGroup;
			children = (
				7A42B2E826A6994700818F68 /* SwiftUI_CustomTabView */,
				7A42B2FA26A6994700818F68 /* SwiftUI_CustomTabViewTests */,
				7A42B30526A6994700818F68 /* SwiftUI_CustomTabViewUITests */,
				7A42B2E726A6994700818F68 /* Products */,
			);
			sourceTree = "<group>";
		};
		7A42B2E726A6994700818F68 /* Products */ = {
			isa = PBXGroup;
			children = (
				7A42B2E626A6994700818F68 /* SwiftUI_CustomTabView.app */,
				7A42B2F726A6994700818F68 /* SwiftUI_CustomTabViewTests.xctest */,
				7A42B30226A6994700818F68 /* SwiftUI_CustomTabViewUITests.xctest */,
			);
			name = Products;
			sourceTree = "<group>";
		};
		7A42B2E826A6994700818F68 /* SwiftUI_CustomTabView */ = {
			isa = PBXGroup;
			children = (
				7A42B2E926A6994700818F68 /* SwiftUI_CustomTabViewApp.swift */,
				7A42B2EB26A6994700818F68 /* ContentView.swift */,
				7A42B31426A69BCE00818F68 /* MyCustomTabView.swift */,
				7A42B31626A69D6B00818F68 /* MyView.swift */,
				7A42B2ED26A6994700818F68 /* Assets.xcassets */,
				7A42B2F226A6994700818F68 /* Info.plist */,
				7A42B2EF26A6994700818F68 /* Preview Content */,
			);
			path = SwiftUI_CustomTabView;
			sourceTree = "<group>";
		};
		7A42B2EF26A6994700818F68 /* Preview Content */ = {
			isa = PBXGroup;
			children = (
				7A42B2F026A6994700818F68 /* Preview Assets.xcassets */,
			);
			path = "Preview Content";
			sourceTree = "<group>";
		};
		7A42B2FA26A6994700818F68 /* SwiftUI_CustomTabViewTests */ = {
			isa = PBXGroup;
			children = (
				7A42B2FB26A6994700818F68 /* SwiftUI_CustomTabViewTests.swift */,
				7A42B2FD26A6994700818F68 /* Info.plist */,
			);
			path = SwiftUI_CustomTabViewTests;
			sourceTree = "<group>";
		};
		7A42B30526A6994700818F68 /* SwiftUI_CustomTabViewUITests */ = {
			isa = PBXGroup;
			children = (
				7A42B30626A6994700818F68 /* SwiftUI_CustomTabViewUITests.swift */,
				7A42B30826A6994700818F68 /* Info.plist */,
			);
			path = SwiftUI_CustomTabViewUITests;
			sourceTree = "<group>";
		};
/* End PBXGroup section */

/* Begin PBXNativeTarget section */
		7A42B2E526A6994700818F68 /* SwiftUI_CustomTabView */ = {
			isa = PBXNativeTarget;
			buildConfigurationList = 7A42B30B26A6994700818F68 /* Build configuration list for PBXNativeTarget "SwiftUI_CustomTabView" */;
			buildPhases = (
				7A42B2E226A6994700818F68 /* Sources */,
				7A42B2E326A6994700818F68 /* Frameworks */,
				7A42B2E426A6994700818F68 /* Resources */,
			);
			buildRules = (
			);
			dependencies = (
			);
			name = SwiftUI_CustomTabView;
			productName = SwiftUI_CustomTabView;
			productReference = 7A42B2E626A6994700818F68 /* SwiftUI_CustomTabView.app */;
			productType = "com.apple.product-type.application";
		};
		7A42B2F626A6994700818F68 /* SwiftUI_CustomTabViewTests */ = {
			isa = PBXNativeTarget;
			buildConfigurationList = 7A42B30E26A6994700818F68 /* Build configuration list for PBXNativeTarget "SwiftUI_CustomTabViewTests" */;
			buildPhases = (
				7A42B2F326A6994700818F68 /* Sources */,
				7A42B2F426A6994700818F68 /* Frameworks */,
				7A42B2F526A6994700818F68 /* Resources */,
			);
			buildRules = (
			);
			dependencies = (
				7A42B2F926A6994700818F68 /* PBXTargetDependency */,
			);
			name = SwiftUI_CustomTabViewTests;
			productName = SwiftUI_CustomTabViewTests;
			productReference = 7A42B2F726A6994700818F68 /* SwiftUI_CustomTabViewTests.xctest */;
			productType = "com.apple.product-type.bundle.unit-test";
		};
		7A42B30126A6994700818F68 /* SwiftUI_CustomTabViewUITests */ = {
			isa = PBXNativeTarget;
			buildConfigurationList = 7A42B31126A6994700818F68 /* Build configuration list for PBXNativeTarget "SwiftUI_CustomTabViewUITests" */;
			buildPhases = (
				7A42B2FE26A6994700818F68 /* Sources */,
				7A42B2FF26A6994700818F68 /* Frameworks */,
				7A42B30026A6994700818F68 /* Resources */,
			);
			buildRules = (
			);
			dependencies = (
				7A42B30426A6994700818F68 /* PBXTargetDependency */,
			);
			name = SwiftUI_CustomTabViewUITests;
			productName = SwiftUI_CustomTabViewUITests;
			productReference = 7A42B30226A6994700818F68 /* SwiftUI_CustomTabViewUITests.xctest */;
			productType = "com.apple.product-type.bundle.ui-testing";
		};
/* End PBXNativeTarget section */

/* Begin PBXProject section */
		7A42B2DE26A6994700818F68 /* Project object */ = {
			isa = PBXProject;
			attributes = {
				LastSwiftUpdateCheck = 1250;
				LastUpgradeCheck = 1250;
				TargetAttributes = {
					7A42B2E526A6994700818F68 = {
						CreatedOnToolsVersion = 12.5.1;
					};
					7A42B2F626A6994700818F68 = {
						CreatedOnToolsVersion = 12.5.1;
						TestTargetID = 7A42B2E526A6994700818F68;
					};
					7A42B30126A6994700818F68 = {
						CreatedOnToolsVersion = 12.5.1;
						TestTargetID = 7A42B2E526A6994700818F68;
					};
				};
			};
			buildConfigurationList = 7A42B2E126A6994700818F68 /* Build configuration list for PBXProject "SwiftUI_CustomTabView" */;
			compatibilityVersion = "Xcode 9.3";
			developmentRegion = en;
			hasScannedForEncodings = 0;
			knownRegions = (
				en,
				Base,
			);
			mainGroup = 7A42B2DD26A6994700818F68;
			productRefGroup = 7A42B2E726A6994700818F68 /* Products */;
			projectDirPath = "";
			projectRoot = "";
			targets = (
				7A42B2E526A6994700818F68 /* SwiftUI_CustomTabView */,
				7A42B2F626A6994700818F68 /* SwiftUI_CustomTabViewTests */,
				7A42B30126A6994700818F68 /* SwiftUI_CustomTabViewUITests */,
			);
		};
/* End PBXProject section */

/* Begin PBXResourcesBuildPhase section */
		7A42B2E426A6994700818F68 /* Resources */ = {
			isa = PBXResourcesBuildPhase;
			buildActionMask = 2147483647;
			files = (
				7A42B2F126A6994700818F68 /* Preview Assets.xcassets in Resources */,
				7A42B2EE26A6994700818F68 /* Assets.xcassets in Resources */,
			);
			runOnlyForDeploymentPostprocessing = 0;
		};
		7A42B2F526A6994700818F68 /* Resources */ = {
			isa = PBXResourcesBuildPhase;
			buildActionMask = 2147483647;
			files = (
			);
			runOnlyForDeploymentPostprocessing = 0;
		};
		7A42B30026A6994700818F68 /* Resources */ = {
			isa = PBXResourcesBuildPhase;
			buildActionMask = 2147483647;
			files = (
			);
			runOnlyForDeploymentPostprocessing = 0;
		};
/* End PBXResourcesBuildPhase section */

/* Begin PBXSourcesBuildPhase section */
		7A42B2E226A6994700818F68 /* Sources */ = {
			isa = PBXSourcesBuildPhase;
			buildActionMask = 2147483647;
			files = (
				7A42B31726A69D6B00818F68 /* MyView.swift in Sources */,
				7A42B2EC26A6994700818F68 /* ContentView.swift in Sources */,
				7A42B31526A69BCE00818F68 /* MyCustomTabView.swift in Sources */,
				7A42B2EA26A6994700818F68 /* SwiftUI_CustomTabViewApp.swift in Sources */,
			);
			runOnlyForDeploymentPostprocessing = 0;
		};
		7A42B2F326A6994700818F68 /* Sources */ = {
			isa = PBXSourcesBuildPhase;
			buildActionMask = 2147483647;
			files = (
				7A42B2FC26A6994700818F68 /* SwiftUI_CustomTabViewTests.swift in Sources */,
			);
			runOnlyForDeploymentPostprocessing = 0;
		};
		7A42B2FE26A6994700818F68 /* Sources */ = {
			isa = PBXSourcesBuildPhase;
			buildActionMask = 2147483647;
			files = (
				7A42B30726A6994700818F68 /* SwiftUI_CustomTabViewUITests.swift in Sources */,
			);
			runOnlyForDeploymentPostprocessing = 0;
		};
/* End PBXSourcesBuildPhase section */

/* Begin PBXTargetDependency section */
		7A42B2F926A6994700818F68 /* PBXTargetDependency */ = {
			isa = PBXTargetDependency;
			target = 7A42B2E526A6994700818F68 /* SwiftUI_CustomTabView */;
			targetProxy = 7A42B2F826A6994700818F68 /* PBXContainerItemProxy */;
		};
		7A42B30426A6994700818F68 /* PBXTargetDependency */ = {
			isa = PBXTargetDependency;
			target = 7A42B2E526A6994700818F68 /* SwiftUI_CustomTabView */;
			targetProxy = 7A42B30326A6994700818F68 /* PBXContainerItemProxy */;
		};
/* End PBXTargetDependency section */

/* Begin XCBuildConfiguration section */
		7A42B30926A6994700818F68 /* Debug */ = {
			isa = XCBuildConfiguration;
			buildSettings = {
				ALWAYS_SEARCH_USER_PATHS = NO;
				CLANG_ANALYZER_NONNULL = YES;
				CLANG_ANALYZER_NUMBER_OBJECT_CONVERSION = YES_AGGRESSIVE;
				CLANG_CXX_LANGUAGE_STANDARD = "gnu++14";
				CLANG_CXX_LIBRARY = "libc++";
				CLANG_ENABLE_MODULES = YES;
				CLANG_ENABLE_OBJC_ARC = YES;
				CLANG_ENABLE_OBJC_WEAK = YES;
				CLANG_WARN_BLOCK_CAPTURE_AUTORELEASING = YES;
				CLANG_WARN_BOOL_CONVERSION = YES;
				CLANG_WARN_COMMA = YES;
				CLANG_WARN_CONSTANT_CONVERSION = YES;
				CLANG_WARN_DEPRECATED_OBJC_IMPLEMENTATIONS = YES;
				CLANG_WARN_DIRECT_OBJC_ISA_USAGE = YES_ERROR;
				CLANG_WARN_DOCUMENTATION_COMMENTS = YES;
				CLANG_WARN_EMPTY_BODY = YES;
				CLANG_WARN_ENUM_CONVERSION = YES;
				CLANG_WARN_INFINITE_RECURSION = YES;
				CLANG_WARN_INT_CONVERSION = YES;
				CLANG_WARN_NON_LITERAL_NULL_CONVERSION = YES;
				CLANG_WARN_OBJC_IMPLICIT_RETAIN_SELF = YES;
				CLANG_WARN_OBJC_LITERAL_CONVERSION = YES;
				CLANG_WARN_OBJC_ROOT_CLASS = YES_ERROR;
				CLANG_WARN_QUOTED_INCLUDE_IN_FRAMEWORK_HEADER = YES;
				CLANG_WARN_RANGE_LOOP_ANALYSIS = YES;
				CLANG_WARN_STRICT_PROTOTYPES = YES;
				CLANG_WARN_SUSPICIOUS_MOVE = YES;
				CLANG_WARN_UNGUARDED_AVAILABILITY = YES_AGGRESSIVE;
				CLANG_WARN_UNREACHABLE_CODE = YES;
				CLANG_WARN__DUPLICATE_METHOD_MATCH = YES;
				COPY_PHASE_STRIP = NO;
				DEBUG_INFORMATION_FORMAT = dwarf;
				ENABLE_STRICT_OBJC_MSGSEND = YES;
				ENABLE_TESTABILITY = YES;
				GCC_C_LANGUAGE_STANDARD = gnu11;
				GCC_DYNAMIC_NO_PIC = NO;
				GCC_NO_COMMON_BLOCKS = YES;
				GCC_OPTIMIZATION_LEVEL = 0;
				GCC_PREPROCESSOR_DEFINITIONS = (
					"DEBUG=1",
					"$(inherited)",
				);
				GCC_WARN_64_TO_32_BIT_CONVERSION = YES;
				GCC_WARN_ABOUT_RETURN_TYPE = YES_ERROR;
				GCC_WARN_UNDECLARED_SELECTOR = YES;
				GCC_WARN_UNINITIALIZED_AUTOS = YES_AGGRESSIVE;
				GCC_WARN_UNUSED_FUNCTION = YES;
				GCC_WARN_UNUSED_VARIABLE = YES;
				IPHONEOS_DEPLOYMENT_TARGET = 14.5;
				MTL_ENABLE_DEBUG_INFO = INCLUDE_SOURCE;
				MTL_FAST_MATH = YES;
				ONLY_ACTIVE_ARCH = YES;
				SDKROOT = iphoneos;
				SWIFT_ACTIVE_COMPILATION_CONDITIONS = DEBUG;
				SWIFT_OPTIMIZATION_LEVEL = "-Onone";
			};
			name = Debug;
		};
		7A42B30A26A6994700818F68 /* Release */ = {
			isa = XCBuildConfiguration;
			buildSettings = {
				ALWAYS_SEARCH_USER_PATHS = NO;
				CLANG_ANALYZER_NONNULL = YES;
				CLANG_ANALYZER_NUMBER_OBJECT_CONVERSION = YES_AGGRESSIVE;
				CLANG_CXX_LANGUAGE_STANDARD = "gnu++14";
				CLANG_CXX_LIBRARY = "libc++";
				CLANG_ENABLE_MODULES = YES;
				CLANG_ENABLE_OBJC_ARC = YES;
				CLANG_ENABLE_OBJC_WEAK = YES;
				CLANG_WARN_BLOCK_CAPTURE_AUTORELEASING = YES;
				CLANG_WARN_BOOL_CONVERSION = YES;
				CLANG_WARN_COMMA = YES;
				CLANG_WARN_CONSTANT_CONVERSION = YES;
				CLANG_WARN_DEPRECATED_OBJC_IMPLEMENTATIONS = YES;
				CLANG_WARN_DIRECT_OBJC_ISA_USAGE = YES_ERROR;
				CLANG_WARN_DOCUMENTATION_COMMENTS = YES;
				CLANG_WARN_EMPTY_BODY = YES;
				CLANG_WARN_ENUM_CONVERSION = YES;
				CLANG_WARN_INFINITE_RECURSION = YES;
				CLANG_WARN_INT_CONVERSION = YES;
				CLANG_WARN_NON_LITERAL_NULL_CONVERSION = YES;
				CLANG_WARN_OBJC_IMPLICIT_RETAIN_SELF = YES;
				CLANG_WARN_OBJC_LITERAL_CONVERSION = YES;
				CLANG_WARN_OBJC_ROOT_CLASS = YES_ERROR;
				CLANG_WARN_QUOTED_INCLUDE_IN_FRAMEWORK_HEADER = YES;
				CLANG_WARN_RANGE_LOOP_ANALYSIS = YES;
				CLANG_WARN_STRICT_PROTOTYPES = YES;
				CLANG_WARN_SUSPICIOUS_MOVE = YES;
				CLANG_WARN_UNGUARDED_AVAILABILITY = YES_AGGRESSIVE;
				CLANG_WARN_UNREACHABLE_CODE = YES;
				CLANG_WARN__DUPLICATE_METHOD_MATCH = YES;
				COPY_PHASE_STRIP = NO;
				DEBUG_INFORMATION_FORMAT = "dwarf-with-dsym";
				ENABLE_NS_ASSERTIONS = NO;
				ENABLE_STRICT_OBJC_MSGSEND = YES;
				GCC_C_LANGUAGE_STANDARD = gnu11;
				GCC_NO_COMMON_BLOCKS = YES;
				GCC_WARN_64_TO_32_BIT_CONVERSION = YES;
				GCC_WARN_ABOUT_RETURN_TYPE = YES_ERROR;
				GCC_WARN_UNDECLARED_SELECTOR = YES;
				GCC_WARN_UNINITIALIZED_AUTOS = YES_AGGRESSIVE;
				GCC_WARN_UNUSED_FUNCTION = YES;
				GCC_WARN_UNUSED_VARIABLE = YES;
				IPHONEOS_DEPLOYMENT_TARGET = 14.5;
				MTL_ENABLE_DEBUG_INFO = NO;
				MTL_FAST_MATH = YES;
				SDKROOT = iphoneos;
				SWIFT_COMPILATION_MODE = wholemodule;
				SWIFT_OPTIMIZATION_LEVEL = "-O";
				VALIDATE_PRODUCT = YES;
			};
			name = Release;
		};
		7A42B30C26A6994700818F68 /* Debug */ = {
			isa = XCBuildConfiguration;
			buildSettings = {
				ASSETCATALOG_COMPILER_APPICON_NAME = AppIcon;
				ASSETCATALOG_COMPILER_GLOBAL_ACCENT_COLOR_NAME = AccentColor;
				CODE_SIGN_STYLE = Automatic;
				DEVELOPMENT_ASSET_PATHS = "\"SwiftUI_CustomTabView/Preview Content\"";
				DEVELOPMENT_TEAM = MC64FDHW3N;
				ENABLE_PREVIEWS = YES;
				INFOPLIST_FILE = SwiftUI_CustomTabView/Info.plist;
				IPHONEOS_DEPLOYMENT_TARGET = 14.0;
				LD_RUNPATH_SEARCH_PATHS = (
					"$(inherited)",
					"@executable_path/Frameworks",
				);
				PRODUCT_BUNDLE_IDENTIFIER = "beobmun.SwiftUI-CustomTabView";
				PRODUCT_NAME = "$(TARGET_NAME)";
				SWIFT_VERSION = 5.0;
				TARGETED_DEVICE_FAMILY = "1,2";
			};
			name = Debug;
		};
		7A42B30D26A6994700818F68 /* Release */ = {
			isa = XCBuildConfiguration;
			buildSettings = {
				ASSETCATALOG_COMPILER_APPICON_NAME = AppIcon;
				ASSETCATALOG_COMPILER_GLOBAL_ACCENT_COLOR_NAME = AccentColor;
				CODE_SIGN_STYLE = Automatic;
				DEVELOPMENT_ASSET_PATHS = "\"SwiftUI_CustomTabView/Preview Content\"";
				DEVELOPMENT_TEAM = MC64FDHW3N;
				ENABLE_PREVIEWS = YES;
				INFOPLIST_FILE = SwiftUI_CustomTabView/Info.plist;
				IPHONEOS_DEPLOYMENT_TARGET = 14.0;
				LD_RUNPATH_SEARCH_PATHS = (
					"$(inherited)",
					"@executable_path/Frameworks",
				);
				PRODUCT_BUNDLE_IDENTIFIER = "beobmun.SwiftUI-CustomTabView";
				PRODUCT_NAME = "$(TARGET_NAME)";
				SWIFT_VERSION = 5.0;
				TARGETED_DEVICE_FAMILY = "1,2";
			};
			name = Release;
		};
		7A42B30F26A6994700818F68 /* Debug */ = {
			isa = XCBuildConfiguration;
			buildSettings = {
				ALWAYS_EMBED_SWIFT_STANDARD_LIBRARIES = YES;
				BUNDLE_LOADER = "$(TEST_HOST)";
				CODE_SIGN_STYLE = Automatic;
				DEVELOPMENT_TEAM = MC64FDHW3N;
				INFOPLIST_FILE = SwiftUI_CustomTabViewTests/Info.plist;
				IPHONEOS_DEPLOYMENT_TARGET = 14.0;
				LD_RUNPATH_SEARCH_PATHS = (
					"$(inherited)",
					"@executable_path/Frameworks",
					"@loader_path/Frameworks",
				);
				PRODUCT_BUNDLE_IDENTIFIER = "beobmun.SwiftUI-CustomTabViewTests";
				PRODUCT_NAME = "$(TARGET_NAME)";
				SWIFT_VERSION = 5.0;
				TARGETED_DEVICE_FAMILY = "1,2";
				TEST_HOST = "$(BUILT_PRODUCTS_DIR)/SwiftUI_CustomTabView.app/SwiftUI_CustomTabView";
			};
			name = Debug;
		};
		7A42B31026A6994700818F68 /* Release */ = {
			isa = XCBuildConfiguration;
			buildSettings = {
				ALWAYS_EMBED_SWIFT_STANDARD_LIBRARIES = YES;
				BUNDLE_LOADER = "$(TEST_HOST)";
				CODE_SIGN_STYLE = Automatic;
				DEVELOPMENT_TEAM = MC64FDHW3N;
				INFOPLIST_FILE = SwiftUI_CustomTabViewTests/Info.plist;
				IPHONEOS_DEPLOYMENT_TARGET = 14.0;
				LD_RUNPATH_SEARCH_PATHS = (
					"$(inherited)",
					"@executable_path/Frameworks",
					"@loader_path/Frameworks",
				);
				PRODUCT_BUNDLE_IDENTIFIER = "beobmun.SwiftUI-CustomTabViewTests";
				PRODUCT_NAME = "$(TARGET_NAME)";
				SWIFT_VERSION = 5.0;
				TARGETED_DEVICE_FAMILY = "1,2";
				TEST_HOST = "$(BUILT_PRODUCTS_DIR)/SwiftUI_CustomTabView.app/SwiftUI_CustomTabView";
			};
			name = Release;
		};
		7A42B31226A6994700818F68 /* Debug */ = {
			isa = XCBuildConfiguration;
			buildSettings = {
				ALWAYS_EMBED_SWIFT_STANDARD_LIBRARIES = YES;
				CODE_SIGN_STYLE = Automatic;
				DEVELOPMENT_TEAM = MC64FDHW3N;
				INFOPLIST_FILE = SwiftUI_CustomTabViewUITests/Info.plist;
				LD_RUNPATH_SEARCH_PATHS = (
					"$(inherited)",
					"@executable_path/Frameworks",
					"@loader_path/Frameworks",
				);
				PRODUCT_BUNDLE_IDENTIFIER = "beobmun.SwiftUI-CustomTabViewUITests";
				PRODUCT_NAME = "$(TARGET_NAME)";
				SWIFT_VERSION = 5.0;
				TARGETED_DEVICE_FAMILY = "1,2";
				TEST_TARGET_NAME = SwiftUI_CustomTabView;
			};
			name = Debug;
		};
		7A42B31326A6994700818F68 /* Release */ = {
			isa = XCBuildConfiguration;
			buildSettings = {
				ALWAYS_EMBED_SWIFT_STANDARD_LIBRARIES = YES;
				CODE_SIGN_STYLE = Automatic;
				DEVELOPMENT_TEAM = MC64FDHW3N;
				INFOPLIST_FILE = SwiftUI_CustomTabViewUITests/Info.plist;
				LD_RUNPATH_SEARCH_PATHS = (
					"$(inherited)",
					"@executable_path/Frameworks",
					"@loader_path/Frameworks",
				);
				PRODUCT_BUNDLE_IDENTIFIER = "beobmun.SwiftUI-CustomTabViewUITests";
				PRODUCT_NAME = "$(TARGET_NAME)";
				SWIFT_VERSION = 5.0;
				TARGETED_DEVICE_FAMILY = "1,2";
				TEST_TARGET_NAME = SwiftUI_CustomTabView;
			};
			name = Release;
		};
/* End XCBuildConfiguration section */

/* Begin XCConfigurationList section */
		7A42B2E126A6994700818F68 /* Build configuration list for PBXProject "SwiftUI_CustomTabView" */ = {
			isa = XCConfigurationList;
			buildConfigurations = (
				7A42B30926A6994700818F68 /* Debug */,
				7A42B30A26A6994700818F68 /* Release */,
			);
			defaultConfigurationIsVisible = 0;
			defaultConfigurationName = Release;
		};
		7A42B30B26A6994700818F68 /* Build configuration list for PBXNativeTarget "SwiftUI_CustomTabView" */ = {
			isa = XCConfigurationList;
			buildConfigurations = (
				7A42B30C26A6994700818F68 /* Debug */,
				7A42B30D26A6994700818F68 /* Release */,
			);
			defaultConfigurationIsVisible = 0;
			defaultConfigurationName = Release;
		};
		7A42B30E26A6994700818F68 /* Build configuration list for PBXNativeTarget "SwiftUI_CustomTabViewTests" */ = {
			isa = XCConfigurationList;
			buildConfigurations = (
				7A42B30F26A6994700818F68 /* Debug */,
				7A42B31026A6994700818F68 /* Release */,
			);
			defaultConfigurationIsVisible = 0;
			defaultConfigurationName = Release;
		};
		7A42B31126A6994700818F68 /* Build configuration list for PBXNativeTarget "SwiftUI_CustomTabViewUITests" */ = {
			isa = XCConfigurationList;
			buildConfigurations = (
				7A42B31226A6994700818F68 /* Debug */,
				7A42B31326A6994700818F68 /* Release */,
			);
			defaultConfigurationIsVisible = 0;
			defaultConfigurationName = Release;
		};
/* End XCConfigurationList section */
	};
	rootObject = 7A42B2DE26A6994700818F68 /* Project object */;
}
